// !$*UTF8*$!
{
	archiveVersion = 1;
	classes = {
	};
	objectVersion = 46;
	objects = {

/* Begin PBXBuildFile section */
		11174ECD1AB28B20006013D7 /* 600x200_leaderboard.png in Resources */ = {isa = PBXBuildFile; fileRef = 11174ECC1AB28B20006013D7 /* 600x200_leaderboard.png */; };
		11174ECF1AB299FB006013D7 /* LevelXScene.swift in Sources */ = {isa = PBXBuildFile; fileRef = 11174ECE1AB299FB006013D7 /* LevelXScene.swift */; };
		1124FB611AB216470060A1B2 /* TutorialOverScene.swift in Sources */ = {isa = PBXBuildFile; fileRef = 1124FB601AB216470060A1B2 /* TutorialOverScene.swift */; };
		112D92111AB4887200FCF399 /* LevelViewController.swift in Sources */ = {isa = PBXBuildFile; fileRef = 112D92101AB4887200FCF399 /* LevelViewController.swift */; };
		112F126F1AC5D8DB008E65BF /* BodyHit01.wav in Resources */ = {isa = PBXBuildFile; fileRef = 112F126E1AC5D8DB008E65BF /* BodyHit01.wav */; };
		112F12711AC5DC13008E65BF /* Switch3.mp3 in Resources */ = {isa = PBXBuildFile; fileRef = 112F12701AC5DC13008E65BF /* Switch3.mp3 */; };
		112F12731AC5DDF6008E65BF /* What.mp3 in Resources */ = {isa = PBXBuildFile; fileRef = 112F12721AC5DDF6008E65BF /* What.mp3 */; };
		112F12751AC5E684008E65BF /* Yeah.mp3 in Resources */ = {isa = PBXBuildFile; fileRef = 112F12741AC5E684008E65BF /* Yeah.mp3 */; };
		112F12771AC5E947008E65BF /* new-map-1.sks in Resources */ = {isa = PBXBuildFile; fileRef = 112F12761AC5E947008E65BF /* new-map-1.sks */; };
		112F12791AC5EA44008E65BF /* wall-mid.png in Resources */ = {isa = PBXBuildFile; fileRef = 112F12781AC5EA44008E65BF /* wall-mid.png */; };
		113063C11ABB2B67006340AE /* ProtectionHalo.sks in Resources */ = {isa = PBXBuildFile; fileRef = 113063BF1ABB2B67006340AE /* ProtectionHalo.sks */; };
		113063C21ABB2B67006340AE /* spark.png in Resources */ = {isa = PBXBuildFile; fileRef = 113063C01ABB2B67006340AE /* spark.png */; };
		113329A31AB0C027008B46A2 /* LeaderBoardScene.swift in Sources */ = {isa = PBXBuildFile; fileRef = 113329A21AB0C027008B46A2 /* LeaderBoardScene.swift */; };
		113329A71AB0CDA2008B46A2 /* ViewController.swift in Sources */ = {isa = PBXBuildFile; fileRef = 113329A61AB0CDA2008B46A2 /* ViewController.swift */; };
		113329AB1AB0D0C9008B46A2 /* Tutorial.sks in Resources */ = {isa = PBXBuildFile; fileRef = 113329AA1AB0D0C9008B46A2 /* Tutorial.sks */; };
		113329AD1AB0D109008B46A2 /* TutorialScene.swift in Sources */ = {isa = PBXBuildFile; fileRef = 113329AC1AB0D109008B46A2 /* TutorialScene.swift */; };
		113329B01AB0D5A2008B46A2 /* multiButton@2x.png in Resources */ = {isa = PBXBuildFile; fileRef = 113329AE1AB0D5A2008B46A2 /* multiButton@2x.png */; };
		113329B11AB0D5A2008B46A2 /* singleButton@2x.png in Resources */ = {isa = PBXBuildFile; fileRef = 113329AF1AB0D5A2008B46A2 /* singleButton@2x.png */; };
		116A211C1AB727870025F4C9 /* 80x80_star_slot.png in Resources */ = {isa = PBXBuildFile; fileRef = 116A211B1AB727870025F4C9 /* 80x80_star_slot.png */; };
		118584871AB098C0002622F8 /* 80x80_blue_ball_filled.png in Resources */ = {isa = PBXBuildFile; fileRef = 118584831AB098C0002622F8 /* 80x80_blue_ball_filled.png */; };
		118584881AB098C0002622F8 /* 80x80_blue_star_filled.png in Resources */ = {isa = PBXBuildFile; fileRef = 118584841AB098C0002622F8 /* 80x80_blue_star_filled.png */; };
		118584891AB098C0002622F8 /* 80x80_blue_star.png in Resources */ = {isa = PBXBuildFile; fileRef = 118584851AB098C0002622F8 /* 80x80_blue_star.png */; };
		1185848F1AB09923002622F8 /* 80x80_green_ball_filled.png in Resources */ = {isa = PBXBuildFile; fileRef = 1185848B1AB09923002622F8 /* 80x80_green_ball_filled.png */; };
		118584901AB09923002622F8 /* 80x80_green_ball.png in Resources */ = {isa = PBXBuildFile; fileRef = 1185848C1AB09923002622F8 /* 80x80_green_ball.png */; };
		118584911AB09923002622F8 /* 80x80_green_star_filled.png in Resources */ = {isa = PBXBuildFile; fileRef = 1185848D1AB09923002622F8 /* 80x80_green_star_filled.png */; };
		118584921AB09923002622F8 /* 80x80_green_star.png in Resources */ = {isa = PBXBuildFile; fileRef = 1185848E1AB09923002622F8 /* 80x80_green_star.png */; };
		118584961AB09947002622F8 /* 80x80_orange_ball_filled.png in Resources */ = {isa = PBXBuildFile; fileRef = 118584931AB09947002622F8 /* 80x80_orange_ball_filled.png */; };
		118584971AB09947002622F8 /* 80x80_orange_star_filled.png in Resources */ = {isa = PBXBuildFile; fileRef = 118584941AB09947002622F8 /* 80x80_orange_star_filled.png */; };
		118584981AB09947002622F8 /* 80x80_orange_star.png in Resources */ = {isa = PBXBuildFile; fileRef = 118584951AB09947002622F8 /* 80x80_orange_star.png */; };
		1185849C1AB0996F002622F8 /* 80x80_red_ball_filled.png in Resources */ = {isa = PBXBuildFile; fileRef = 118584991AB0996F002622F8 /* 80x80_red_ball_filled.png */; };
		1185849D1AB0996F002622F8 /* 80x80_red_star_filled.png in Resources */ = {isa = PBXBuildFile; fileRef = 1185849A1AB0996F002622F8 /* 80x80_red_star_filled.png */; };
		1185849E1AB0996F002622F8 /* 80x80_red_star.png in Resources */ = {isa = PBXBuildFile; fileRef = 1185849B1AB0996F002622F8 /* 80x80_red_star.png */; };
		118584A21AB0997D002622F8 /* 80x80_yellow_ball_filled.png in Resources */ = {isa = PBXBuildFile; fileRef = 1185849F1AB0997D002622F8 /* 80x80_yellow_ball_filled.png */; };
		118584A31AB0997D002622F8 /* 80x80_yellow_star_filled.png in Resources */ = {isa = PBXBuildFile; fileRef = 118584A01AB0997D002622F8 /* 80x80_yellow_star_filled.png */; };
		118584A41AB0997D002622F8 /* 80x80_yellow_star.png in Resources */ = {isa = PBXBuildFile; fileRef = 118584A11AB0997D002622F8 /* 80x80_yellow_star.png */; };
		118584AC1AB0998C002622F8 /* 200x200_button_next.png in Resources */ = {isa = PBXBuildFile; fileRef = 118584A51AB0998C002622F8 /* 200x200_button_next.png */; };
		118584AD1AB0998C002622F8 /* 200x200_button_replay.png in Resources */ = {isa = PBXBuildFile; fileRef = 118584A61AB0998C002622F8 /* 200x200_button_replay.png */; };
		118584AF1AB0998C002622F8 /* 300x300_button_battle.png in Resources */ = {isa = PBXBuildFile; fileRef = 118584A81AB0998C002622F8 /* 300x300_button_battle.png */; };
		118584B01AB0998C002622F8 /* 300x300_button_connect.png in Resources */ = {isa = PBXBuildFile; fileRef = 118584A91AB0998C002622F8 /* 300x300_button_connect.png */; };
		118584B11AB0998C002622F8 /* 700x200_you_lose.png in Resources */ = {isa = PBXBuildFile; fileRef = 118584AA1AB0998C002622F8 /* 700x200_you_lose.png */; };
		118584B21AB0998C002622F8 /* 700x200_you_win.png in Resources */ = {isa = PBXBuildFile; fileRef = 118584AB1AB0998C002622F8 /* 700x200_you_win.png */; };
		118BB02C1AAF821B005B1718 /* LevelTraining.sks in Resources */ = {isa = PBXBuildFile; fileRef = 118BB02B1AAF821B005B1718 /* LevelTraining.sks */; };
		118BB02E1AAF890F005B1718 /* Level1.sks in Resources */ = {isa = PBXBuildFile; fileRef = FFCFFFF61AAE1683006FAE44 /* Level1.sks */; };
		119C5AE31A9D1C0D002012AC /* WaitingForGameStartScene.swift in Sources */ = {isa = PBXBuildFile; fileRef = 119C5AE21A9D1C0D002012AC /* WaitingForGameStartScene.swift */; };
		119DB08F1A9F7E390044F397 /* OmniBallUtil.swift in Sources */ = {isa = PBXBuildFile; fileRef = 119DB08E1A9F7E390044F397 /* OmniBallUtil.swift */; };
		119F18711AB7B751002A7EAA /* GameBattleScene.swift in Sources */ = {isa = PBXBuildFile; fileRef = 119F18701AB7B751002A7EAA /* GameBattleScene.swift */; };
		11A57C641A9681C800C695E7 /* Player.swift in Sources */ = {isa = PBXBuildFile; fileRef = 11A57C631A9681C800C695E7 /* Player.swift */; };
		11A57C661A96820F00C695E7 /* MyNodes.swift in Sources */ = {isa = PBXBuildFile; fileRef = 11A57C651A96820F00C695E7 /* MyNodes.swift */; };
		11A57C681A96824500C695E7 /* OpponentNodes.swift in Sources */ = {isa = PBXBuildFile; fileRef = 11A57C671A96824500C695E7 /* OpponentNodes.swift */; };
		11A57C6A1A96871800C695E7 /* OpponentsWrapper.swift in Sources */ = {isa = PBXBuildFile; fileRef = 11A57C691A96871800C695E7 /* OpponentsWrapper.swift */; };
		11B79C501A9D8F8E0035D4E1 /* wall.png in Resources */ = {isa = PBXBuildFile; fileRef = 11B79C4F1A9D8F8E0035D4E1 /* wall.png */; };
		11BF7FC11AB1E190002C7371 /* 200x200_hole.png in Resources */ = {isa = PBXBuildFile; fileRef = 11BF7FC01AB1E190002C7371 /* 200x200_hole.png */; };
		11F828A61AB527E800E25D3F /* InstructionScene.swift in Sources */ = {isa = PBXBuildFile; fileRef = 11F828A51AB527E800E25D3F /* InstructionScene.swift */; };
		11F828AA1AB5E2B400E25D3F /* GameLevelScene.swift in Sources */ = {isa = PBXBuildFile; fileRef = 11F828A91AB5E2B400E25D3F /* GameLevelScene.swift */; };
		3C7E84311A91052700212817 /* Set.swift in Sources */ = {isa = PBXBuildFile; fileRef = 3C7E84301A91052700212817 /* Set.swift */; };
		3C8530E11A8BE20300FFD14C /* GameScene.sks in Resources */ = {isa = PBXBuildFile; fileRef = 3C8530E01A8BE20300FFD14C /* GameScene.sks */; };
		66C206F81A6CA9BE00F4782C /* ConnectionManager.swift in Sources */ = {isa = PBXBuildFile; fileRef = 66C206F71A6CA9BE00F4782C /* ConnectionManager.swift */; };
		66C206FA1A6EF6B700F4782C /* circle.png in Resources */ = {isa = PBXBuildFile; fileRef = 66C206F91A6EF6B700F4782C /* circle.png */; };
		66D5BDF71A79BF2000A34A42 /* Message.swift in Sources */ = {isa = PBXBuildFile; fileRef = 66D5BDF61A79BF2000A34A42 /* Message.swift */; };
		66F866881A6F0B72007EE9FF /* CGFloat+Extensions.swift in Sources */ = {isa = PBXBuildFile; fileRef = 66F8667C1A6F0B72007EE9FF /* CGFloat+Extensions.swift */; };
		66F866891A6F0B72007EE9FF /* CGPoint+Extensions.swift in Sources */ = {isa = PBXBuildFile; fileRef = 66F8667D1A6F0B72007EE9FF /* CGPoint+Extensions.swift */; };
		66F8668A1A6F0B72007EE9FF /* CGVector+Extensions.swift in Sources */ = {isa = PBXBuildFile; fileRef = 66F8667E1A6F0B72007EE9FF /* CGVector+Extensions.swift */; };
		66F8668B1A6F0B72007EE9FF /* Int+Extensions.swift in Sources */ = {isa = PBXBuildFile; fileRef = 66F8667F1A6F0B72007EE9FF /* Int+Extensions.swift */; };
		66F8668C1A6F0B72007EE9FF /* SKAction+Extensions.swift in Sources */ = {isa = PBXBuildFile; fileRef = 66F866801A6F0B72007EE9FF /* SKAction+Extensions.swift */; };
		66F8668D1A6F0B72007EE9FF /* SKAction+SpecialEffects.swift in Sources */ = {isa = PBXBuildFile; fileRef = 66F866811A6F0B72007EE9FF /* SKAction+SpecialEffects.swift */; };
		66F8668E1A6F0B72007EE9FF /* SKColor+Extensions.swift in Sources */ = {isa = PBXBuildFile; fileRef = 66F866821A6F0B72007EE9FF /* SKColor+Extensions.swift */; };
		66F8668F1A6F0B72007EE9FF /* SKNode+Extensions.swift in Sources */ = {isa = PBXBuildFile; fileRef = 66F866831A6F0B72007EE9FF /* SKNode+Extensions.swift */; };
		66F866901A6F0B72007EE9FF /* SKTAudio.swift in Sources */ = {isa = PBXBuildFile; fileRef = 66F866841A6F0B72007EE9FF /* SKTAudio.swift */; };
		66F866911A6F0B72007EE9FF /* SKTEffects.swift in Sources */ = {isa = PBXBuildFile; fileRef = 66F866851A6F0B72007EE9FF /* SKTEffects.swift */; };
		66F866921A6F0B72007EE9FF /* SKTTimingFunctions.swift in Sources */ = {isa = PBXBuildFile; fileRef = 66F866861A6F0B72007EE9FF /* SKTTimingFunctions.swift */; };
		66F866931A6F0B72007EE9FF /* Vector3.swift in Sources */ = {isa = PBXBuildFile; fileRef = 66F866871A6F0B72007EE9FF /* Vector3.swift */; };
		FF2DC1C61AC88103008C6C02 /* 300x300_button_battle_0.png in Resources */ = {isa = PBXBuildFile; fileRef = FF2DC1C51AC88103008C6C02 /* 300x300_button_battle_0.png */; };
		FF4C71071A8D322800FB3622 /* 80x80_blue_ball.png in Resources */ = {isa = PBXBuildFile; fileRef = FF4C71011A8D322800FB3622 /* 80x80_blue_ball.png */; };
		FF4C71091A8D322800FB3622 /* 80x80_orange_ball.png in Resources */ = {isa = PBXBuildFile; fileRef = FF4C71031A8D322800FB3622 /* 80x80_orange_ball.png */; };
		FF4C710A1A8D322800FB3622 /* 80x80_red_ball.png in Resources */ = {isa = PBXBuildFile; fileRef = FF4C71041A8D322800FB3622 /* 80x80_red_ball.png */; };
		FF4C710B1A8D322800FB3622 /* 80x80_yellow_ball.png in Resources */ = {isa = PBXBuildFile; fileRef = FF4C71051A8D322800FB3622 /* 80x80_yellow_ball.png */; };
		FF5301201A7D43A300F04937 /* GameScene.swift in Sources */ = {isa = PBXBuildFile; fileRef = FF53011F1A7D43A300F04937 /* GameScene.swift */; };
		FF6C10421A6572FB00A5C7D7 /* AppDelegate.swift in Sources */ = {isa = PBXBuildFile; fileRef = FF6C10411A6572FB00A5C7D7 /* AppDelegate.swift */; };
		FF6C10471A6572FB00A5C7D7 /* Main.storyboard in Resources */ = {isa = PBXBuildFile; fileRef = FF6C10451A6572FB00A5C7D7 /* Main.storyboard */; };
		FF6C10491A6572FB00A5C7D7 /* Images.xcassets in Resources */ = {isa = PBXBuildFile; fileRef = FF6C10481A6572FB00A5C7D7 /* Images.xcassets */; };
		FF6C104C1A6572FB00A5C7D7 /* LaunchScreen.xib in Resources */ = {isa = PBXBuildFile; fileRef = FF6C104A1A6572FB00A5C7D7 /* LaunchScreen.xib */; };
		FF6C10581A6572FC00A5C7D7 /* OmniBallTests.swift in Sources */ = {isa = PBXBuildFile; fileRef = FF6C10571A6572FC00A5C7D7 /* OmniBallTests.swift */; };
		FF6C106A1A65807500A5C7D7 /* MultipeerConnectivity.framework in Frameworks */ = {isa = PBXBuildFile; fileRef = FF6C10691A65807500A5C7D7 /* MultipeerConnectivity.framework */; };
		FF6C10871A670BED00A5C7D7 /* GameViewController.swift in Sources */ = {isa = PBXBuildFile; fileRef = FF6C10851A670BED00A5C7D7 /* GameViewController.swift */; };
		FFA0D60C1A8D4495000D1C37 /* GameOverScene.swift in Sources */ = {isa = PBXBuildFile; fileRef = FFA0D60B1A8D4495000D1C37 /* GameOverScene.swift */; };
		FFCF00041AB677BA006FAE44 /* 400x200_go.png in Resources */ = {isa = PBXBuildFile; fileRef = FFCF00001AB677BA006FAE44 /* 400x200_go.png */; };
		FFCF00051AB677BA006FAE44 /* 400x200_ready.png in Resources */ = {isa = PBXBuildFile; fileRef = FFCF00011AB677BA006FAE44 /* 400x200_ready.png */; };
		FFCF00061AB677BA006FAE44 /* blue_star_filled.png in Resources */ = {isa = PBXBuildFile; fileRef = FFCF00021AB677BA006FAE44 /* blue_star_filled.png */; };
		FFCF00071AB677BA006FAE44 /* blue_star.png in Resources */ = {isa = PBXBuildFile; fileRef = FFCF00031AB677BA006FAE44 /* blue_star.png */; };
		FFCF00091AB72699006FAE44 /* PresentScene.swift in Sources */ = {isa = PBXBuildFile; fileRef = FFCF00081AB72699006FAE44 /* PresentScene.swift */; };
		FFCFFFF51AAE165C006FAE44 /* Level0.sks in Resources */ = {isa = PBXBuildFile; fileRef = FFCFFFF41AAE165C006FAE44 /* Level0.sks */; };
		FFCFFFF91AAE16A3006FAE44 /* Level2.sks in Resources */ = {isa = PBXBuildFile; fileRef = FFCFFFF81AAE16A3006FAE44 /* Level2.sks */; };
		FFCFFFFB1AAE16B8006FAE44 /* Level3.sks in Resources */ = {isa = PBXBuildFile; fileRef = FFCFFFFA1AAE16B8006FAE44 /* Level3.sks */; };
		FFCFFFFD1AAE16D9006FAE44 /* Level4.sks in Resources */ = {isa = PBXBuildFile; fileRef = FFCFFFFC1AAE16D9006FAE44 /* Level4.sks */; };
		FFCFFFFF1AAE16E7006FAE44 /* Level5.sks in Resources */ = {isa = PBXBuildFile; fileRef = FFCFFFFE1AAE16E7006FAE44 /* Level5.sks */; };
/* End PBXBuildFile section */

/* Begin PBXContainerItemProxy section */
		FF6C10521A6572FC00A5C7D7 /* PBXContainerItemProxy */ = {
			isa = PBXContainerItemProxy;
			containerPortal = FF6C10341A6572FB00A5C7D7 /* Project object */;
			proxyType = 1;
			remoteGlobalIDString = FF6C103B1A6572FB00A5C7D7;
			remoteInfo = try;
		};
/* End PBXContainerItemProxy section */

/* Begin PBXFileReference section */
		11174ECC1AB28B20006013D7 /* 600x200_leaderboard.png */ = {isa = PBXFileReference; lastKnownFileType = image.png; path = 600x200_leaderboard.png; sourceTree = "<group>"; };
		11174ECE1AB299FB006013D7 /* LevelXScene.swift */ = {isa = PBXFileReference; fileEncoding = 4; lastKnownFileType = sourcecode.swift; path = LevelXScene.swift; sourceTree = "<group>"; };
		1124FB601AB216470060A1B2 /* TutorialOverScene.swift */ = {isa = PBXFileReference; fileEncoding = 4; lastKnownFileType = sourcecode.swift; path = TutorialOverScene.swift; sourceTree = "<group>"; };
		112D92101AB4887200FCF399 /* LevelViewController.swift */ = {isa = PBXFileReference; fileEncoding = 4; lastKnownFileType = sourcecode.swift; path = LevelViewController.swift; sourceTree = "<group>"; };
		112F126E1AC5D8DB008E65BF /* BodyHit01.wav */ = {isa = PBXFileReference; lastKnownFileType = audio.wav; path = BodyHit01.wav; sourceTree = "<group>"; };
		112F12701AC5DC13008E65BF /* Switch3.mp3 */ = {isa = PBXFileReference; lastKnownFileType = audio.mp3; path = Switch3.mp3; sourceTree = "<group>"; };
		112F12721AC5DDF6008E65BF /* What.mp3 */ = {isa = PBXFileReference; lastKnownFileType = audio.mp3; path = What.mp3; sourceTree = "<group>"; };
		112F12741AC5E684008E65BF /* Yeah.mp3 */ = {isa = PBXFileReference; lastKnownFileType = audio.mp3; path = Yeah.mp3; sourceTree = "<group>"; };
		112F12761AC5E947008E65BF /* new-map-1.sks */ = {isa = PBXFileReference; lastKnownFileType = file.sks; path = "new-map-1.sks"; sourceTree = "<group>"; };
		112F12781AC5EA44008E65BF /* wall-mid.png */ = {isa = PBXFileReference; lastKnownFileType = image.png; path = "wall-mid.png"; sourceTree = "<group>"; };
		113063BF1ABB2B67006340AE /* ProtectionHalo.sks */ = {isa = PBXFileReference; lastKnownFileType = file.sks; path = ProtectionHalo.sks; sourceTree = "<group>"; };
		113063C01ABB2B67006340AE /* spark.png */ = {isa = PBXFileReference; lastKnownFileType = image.png; path = spark.png; sourceTree = "<group>"; };
		113329A21AB0C027008B46A2 /* LeaderBoardScene.swift */ = {isa = PBXFileReference; fileEncoding = 4; lastKnownFileType = sourcecode.swift; path = LeaderBoardScene.swift; sourceTree = "<group>"; };
		113329A61AB0CDA2008B46A2 /* ViewController.swift */ = {isa = PBXFileReference; fileEncoding = 4; lastKnownFileType = sourcecode.swift; path = ViewController.swift; sourceTree = "<group>"; };
		113329AA1AB0D0C9008B46A2 /* Tutorial.sks */ = {isa = PBXFileReference; lastKnownFileType = file.sks; path = Tutorial.sks; sourceTree = "<group>"; };
		113329AC1AB0D109008B46A2 /* TutorialScene.swift */ = {isa = PBXFileReference; fileEncoding = 4; lastKnownFileType = sourcecode.swift; path = TutorialScene.swift; sourceTree = "<group>"; };
		113329AE1AB0D5A2008B46A2 /* multiButton@2x.png */ = {isa = PBXFileReference; lastKnownFileType = image.png; path = "multiButton@2x.png"; sourceTree = "<group>"; };
		113329AF1AB0D5A2008B46A2 /* singleButton@2x.png */ = {isa = PBXFileReference; lastKnownFileType = image.png; path = "singleButton@2x.png"; sourceTree = "<group>"; };
		116A211B1AB727870025F4C9 /* 80x80_star_slot.png */ = {isa = PBXFileReference; lastKnownFileType = image.png; path = 80x80_star_slot.png; sourceTree = "<group>"; };
		118584831AB098C0002622F8 /* 80x80_blue_ball_filled.png */ = {isa = PBXFileReference; lastKnownFileType = image.png; path = 80x80_blue_ball_filled.png; sourceTree = "<group>"; };
		118584841AB098C0002622F8 /* 80x80_blue_star_filled.png */ = {isa = PBXFileReference; lastKnownFileType = image.png; path = 80x80_blue_star_filled.png; sourceTree = "<group>"; };
		118584851AB098C0002622F8 /* 80x80_blue_star.png */ = {isa = PBXFileReference; lastKnownFileType = image.png; path = 80x80_blue_star.png; sourceTree = "<group>"; };
		1185848B1AB09923002622F8 /* 80x80_green_ball_filled.png */ = {isa = PBXFileReference; lastKnownFileType = image.png; path = 80x80_green_ball_filled.png; sourceTree = "<group>"; };
		1185848C1AB09923002622F8 /* 80x80_green_ball.png */ = {isa = PBXFileReference; lastKnownFileType = image.png; path = 80x80_green_ball.png; sourceTree = "<group>"; };
		1185848D1AB09923002622F8 /* 80x80_green_star_filled.png */ = {isa = PBXFileReference; lastKnownFileType = image.png; path = 80x80_green_star_filled.png; sourceTree = "<group>"; };
		1185848E1AB09923002622F8 /* 80x80_green_star.png */ = {isa = PBXFileReference; lastKnownFileType = image.png; path = 80x80_green_star.png; sourceTree = "<group>"; };
		118584931AB09947002622F8 /* 80x80_orange_ball_filled.png */ = {isa = PBXFileReference; lastKnownFileType = image.png; path = 80x80_orange_ball_filled.png; sourceTree = "<group>"; };
		118584941AB09947002622F8 /* 80x80_orange_star_filled.png */ = {isa = PBXFileReference; lastKnownFileType = image.png; path = 80x80_orange_star_filled.png; sourceTree = "<group>"; };
		118584951AB09947002622F8 /* 80x80_orange_star.png */ = {isa = PBXFileReference; lastKnownFileType = image.png; path = 80x80_orange_star.png; sourceTree = "<group>"; };
		118584991AB0996F002622F8 /* 80x80_red_ball_filled.png */ = {isa = PBXFileReference; lastKnownFileType = image.png; path = 80x80_red_ball_filled.png; sourceTree = "<group>"; };
		1185849A1AB0996F002622F8 /* 80x80_red_star_filled.png */ = {isa = PBXFileReference; lastKnownFileType = image.png; path = 80x80_red_star_filled.png; sourceTree = "<group>"; };
		1185849B1AB0996F002622F8 /* 80x80_red_star.png */ = {isa = PBXFileReference; lastKnownFileType = image.png; path = 80x80_red_star.png; sourceTree = "<group>"; };
		1185849F1AB0997D002622F8 /* 80x80_yellow_ball_filled.png */ = {isa = PBXFileReference; lastKnownFileType = image.png; path = 80x80_yellow_ball_filled.png; sourceTree = "<group>"; };
		118584A01AB0997D002622F8 /* 80x80_yellow_star_filled.png */ = {isa = PBXFileReference; lastKnownFileType = image.png; path = 80x80_yellow_star_filled.png; sourceTree = "<group>"; };
		118584A11AB0997D002622F8 /* 80x80_yellow_star.png */ = {isa = PBXFileReference; lastKnownFileType = image.png; path = 80x80_yellow_star.png; sourceTree = "<group>"; };
		118584A51AB0998C002622F8 /* 200x200_button_next.png */ = {isa = PBXFileReference; lastKnownFileType = image.png; path = 200x200_button_next.png; sourceTree = "<group>"; };
		118584A61AB0998C002622F8 /* 200x200_button_replay.png */ = {isa = PBXFileReference; lastKnownFileType = image.png; path = 200x200_button_replay.png; sourceTree = "<group>"; };
		118584A81AB0998C002622F8 /* 300x300_button_battle.png */ = {isa = PBXFileReference; lastKnownFileType = image.png; path = 300x300_button_battle.png; sourceTree = "<group>"; };
		118584A91AB0998C002622F8 /* 300x300_button_connect.png */ = {isa = PBXFileReference; lastKnownFileType = image.png; path = 300x300_button_connect.png; sourceTree = "<group>"; };
		118584AA1AB0998C002622F8 /* 700x200_you_lose.png */ = {isa = PBXFileReference; lastKnownFileType = image.png; path = 700x200_you_lose.png; sourceTree = "<group>"; };
		118584AB1AB0998C002622F8 /* 700x200_you_win.png */ = {isa = PBXFileReference; lastKnownFileType = image.png; path = 700x200_you_win.png; sourceTree = "<group>"; };
		118BB02B1AAF821B005B1718 /* LevelTraining.sks */ = {isa = PBXFileReference; lastKnownFileType = file.sks; path = LevelTraining.sks; sourceTree = "<group>"; };
		119C5AE21A9D1C0D002012AC /* WaitingForGameStartScene.swift */ = {isa = PBXFileReference; fileEncoding = 4; lastKnownFileType = sourcecode.swift; path = WaitingForGameStartScene.swift; sourceTree = "<group>"; };
		119DB08E1A9F7E390044F397 /* OmniBallUtil.swift */ = {isa = PBXFileReference; fileEncoding = 4; lastKnownFileType = sourcecode.swift; path = OmniBallUtil.swift; sourceTree = "<group>"; };
		119F18701AB7B751002A7EAA /* GameBattleScene.swift */ = {isa = PBXFileReference; fileEncoding = 4; lastKnownFileType = sourcecode.swift; path = GameBattleScene.swift; sourceTree = "<group>"; };
		11A57C631A9681C800C695E7 /* Player.swift */ = {isa = PBXFileReference; fileEncoding = 4; lastKnownFileType = sourcecode.swift; path = Player.swift; sourceTree = "<group>"; };
		11A57C651A96820F00C695E7 /* MyNodes.swift */ = {isa = PBXFileReference; fileEncoding = 4; lastKnownFileType = sourcecode.swift; path = MyNodes.swift; sourceTree = "<group>"; };
		11A57C671A96824500C695E7 /* OpponentNodes.swift */ = {isa = PBXFileReference; fileEncoding = 4; lastKnownFileType = sourcecode.swift; path = OpponentNodes.swift; sourceTree = "<group>"; };
		11A57C691A96871800C695E7 /* OpponentsWrapper.swift */ = {isa = PBXFileReference; fileEncoding = 4; lastKnownFileType = sourcecode.swift; path = OpponentsWrapper.swift; sourceTree = "<group>"; };
		11B79C4F1A9D8F8E0035D4E1 /* wall.png */ = {isa = PBXFileReference; lastKnownFileType = image.png; path = wall.png; sourceTree = "<group>"; };
		11BF7FC01AB1E190002C7371 /* 200x200_hole.png */ = {isa = PBXFileReference; lastKnownFileType = image.png; path = 200x200_hole.png; sourceTree = "<group>"; };
		11F828A51AB527E800E25D3F /* InstructionScene.swift */ = {isa = PBXFileReference; fileEncoding = 4; lastKnownFileType = sourcecode.swift; path = InstructionScene.swift; sourceTree = "<group>"; };
		11F828A91AB5E2B400E25D3F /* GameLevelScene.swift */ = {isa = PBXFileReference; fileEncoding = 4; lastKnownFileType = sourcecode.swift; path = GameLevelScene.swift; sourceTree = "<group>"; };
		3C7E84301A91052700212817 /* Set.swift */ = {isa = PBXFileReference; fileEncoding = 4; lastKnownFileType = sourcecode.swift; path = Set.swift; sourceTree = "<group>"; };
		3C8530E01A8BE20300FFD14C /* GameScene.sks */ = {isa = PBXFileReference; lastKnownFileType = file.sks; path = GameScene.sks; sourceTree = "<group>"; };
		66C206F71A6CA9BE00F4782C /* ConnectionManager.swift */ = {isa = PBXFileReference; fileEncoding = 4; lastKnownFileType = sourcecode.swift; path = ConnectionManager.swift; sourceTree = "<group>"; };
		66C206F91A6EF6B700F4782C /* circle.png */ = {isa = PBXFileReference; lastKnownFileType = image.png; path = circle.png; sourceTree = "<group>"; };
		66D5BDF61A79BF2000A34A42 /* Message.swift */ = {isa = PBXFileReference; fileEncoding = 4; lastKnownFileType = sourcecode.swift; name = Message.swift; path = ../Message.swift; sourceTree = "<group>"; };
		66F8667C1A6F0B72007EE9FF /* CGFloat+Extensions.swift */ = {isa = PBXFileReference; fileEncoding = 4; lastKnownFileType = sourcecode.swift; path = "CGFloat+Extensions.swift"; sourceTree = "<group>"; };
		66F8667D1A6F0B72007EE9FF /* CGPoint+Extensions.swift */ = {isa = PBXFileReference; fileEncoding = 4; lastKnownFileType = sourcecode.swift; path = "CGPoint+Extensions.swift"; sourceTree = "<group>"; };
		66F8667E1A6F0B72007EE9FF /* CGVector+Extensions.swift */ = {isa = PBXFileReference; fileEncoding = 4; lastKnownFileType = sourcecode.swift; path = "CGVector+Extensions.swift"; sourceTree = "<group>"; };
		66F8667F1A6F0B72007EE9FF /* Int+Extensions.swift */ = {isa = PBXFileReference; fileEncoding = 4; lastKnownFileType = sourcecode.swift; path = "Int+Extensions.swift"; sourceTree = "<group>"; };
		66F866801A6F0B72007EE9FF /* SKAction+Extensions.swift */ = {isa = PBXFileReference; fileEncoding = 4; lastKnownFileType = sourcecode.swift; path = "SKAction+Extensions.swift"; sourceTree = "<group>"; };
		66F866811A6F0B72007EE9FF /* SKAction+SpecialEffects.swift */ = {isa = PBXFileReference; fileEncoding = 4; lastKnownFileType = sourcecode.swift; path = "SKAction+SpecialEffects.swift"; sourceTree = "<group>"; };
		66F866821A6F0B72007EE9FF /* SKColor+Extensions.swift */ = {isa = PBXFileReference; fileEncoding = 4; lastKnownFileType = sourcecode.swift; path = "SKColor+Extensions.swift"; sourceTree = "<group>"; };
		66F866831A6F0B72007EE9FF /* SKNode+Extensions.swift */ = {isa = PBXFileReference; fileEncoding = 4; lastKnownFileType = sourcecode.swift; path = "SKNode+Extensions.swift"; sourceTree = "<group>"; };
		66F866841A6F0B72007EE9FF /* SKTAudio.swift */ = {isa = PBXFileReference; fileEncoding = 4; lastKnownFileType = sourcecode.swift; path = SKTAudio.swift; sourceTree = "<group>"; };
		66F866851A6F0B72007EE9FF /* SKTEffects.swift */ = {isa = PBXFileReference; fileEncoding = 4; lastKnownFileType = sourcecode.swift; path = SKTEffects.swift; sourceTree = "<group>"; };
		66F866861A6F0B72007EE9FF /* SKTTimingFunctions.swift */ = {isa = PBXFileReference; fileEncoding = 4; lastKnownFileType = sourcecode.swift; path = SKTTimingFunctions.swift; sourceTree = "<group>"; };
		66F866871A6F0B72007EE9FF /* Vector3.swift */ = {isa = PBXFileReference; fileEncoding = 4; lastKnownFileType = sourcecode.swift; path = Vector3.swift; sourceTree = "<group>"; };
		FF2DC1C51AC88103008C6C02 /* 300x300_button_battle_0.png */ = {isa = PBXFileReference; lastKnownFileType = image.png; path = 300x300_button_battle_0.png; sourceTree = "<group>"; };
		FF4C71011A8D322800FB3622 /* 80x80_blue_ball.png */ = {isa = PBXFileReference; lastKnownFileType = image.png; path = 80x80_blue_ball.png; sourceTree = "<group>"; };
		FF4C71031A8D322800FB3622 /* 80x80_orange_ball.png */ = {isa = PBXFileReference; lastKnownFileType = image.png; path = 80x80_orange_ball.png; sourceTree = "<group>"; };
		FF4C71041A8D322800FB3622 /* 80x80_red_ball.png */ = {isa = PBXFileReference; lastKnownFileType = image.png; path = 80x80_red_ball.png; sourceTree = "<group>"; };
		FF4C71051A8D322800FB3622 /* 80x80_yellow_ball.png */ = {isa = PBXFileReference; lastKnownFileType = image.png; path = 80x80_yellow_ball.png; sourceTree = "<group>"; };
		FF53011F1A7D43A300F04937 /* GameScene.swift */ = {isa = PBXFileReference; fileEncoding = 4; lastKnownFileType = sourcecode.swift; path = GameScene.swift; sourceTree = "<group>"; };
		FF6C103C1A6572FB00A5C7D7 /* OmniBall.app */ = {isa = PBXFileReference; explicitFileType = wrapper.application; includeInIndex = 0; path = OmniBall.app; sourceTree = BUILT_PRODUCTS_DIR; };
		FF6C10401A6572FB00A5C7D7 /* Info.plist */ = {isa = PBXFileReference; lastKnownFileType = text.plist.xml; path = Info.plist; sourceTree = "<group>"; };
		FF6C10411A6572FB00A5C7D7 /* AppDelegate.swift */ = {isa = PBXFileReference; lastKnownFileType = sourcecode.swift; path = AppDelegate.swift; sourceTree = "<group>"; };
		FF6C10461A6572FB00A5C7D7 /* Base */ = {isa = PBXFileReference; lastKnownFileType = file.storyboard; name = Base; path = Base.lproj/Main.storyboard; sourceTree = "<group>"; };
		FF6C10481A6572FB00A5C7D7 /* Images.xcassets */ = {isa = PBXFileReference; lastKnownFileType = folder.assetcatalog; path = Images.xcassets; sourceTree = "<group>"; };
		FF6C104B1A6572FB00A5C7D7 /* Base */ = {isa = PBXFileReference; lastKnownFileType = file.xib; name = Base; path = Base.lproj/LaunchScreen.xib; sourceTree = "<group>"; };
		FF6C10511A6572FC00A5C7D7 /* OmniBallTests.xctest */ = {isa = PBXFileReference; explicitFileType = wrapper.cfbundle; includeInIndex = 0; path = OmniBallTests.xctest; sourceTree = BUILT_PRODUCTS_DIR; };
		FF6C10561A6572FC00A5C7D7 /* Info.plist */ = {isa = PBXFileReference; lastKnownFileType = text.plist.xml; path = Info.plist; sourceTree = "<group>"; };
		FF6C10571A6572FC00A5C7D7 /* OmniBallTests.swift */ = {isa = PBXFileReference; lastKnownFileType = sourcecode.swift; path = OmniBallTests.swift; sourceTree = "<group>"; };
		FF6C10691A65807500A5C7D7 /* MultipeerConnectivity.framework */ = {isa = PBXFileReference; lastKnownFileType = wrapper.framework; name = MultipeerConnectivity.framework; path = System/Library/Frameworks/MultipeerConnectivity.framework; sourceTree = SDKROOT; };
		FF6C10851A670BED00A5C7D7 /* GameViewController.swift */ = {isa = PBXFileReference; fileEncoding = 4; lastKnownFileType = sourcecode.swift; path = GameViewController.swift; sourceTree = "<group>"; };
		FFA0D60B1A8D4495000D1C37 /* GameOverScene.swift */ = {isa = PBXFileReference; fileEncoding = 4; lastKnownFileType = sourcecode.swift; path = GameOverScene.swift; sourceTree = "<group>"; };
		FFCF00001AB677BA006FAE44 /* 400x200_go.png */ = {isa = PBXFileReference; lastKnownFileType = image.png; path = 400x200_go.png; sourceTree = "<group>"; };
		FFCF00011AB677BA006FAE44 /* 400x200_ready.png */ = {isa = PBXFileReference; lastKnownFileType = image.png; path = 400x200_ready.png; sourceTree = "<group>"; };
		FFCF00021AB677BA006FAE44 /* blue_star_filled.png */ = {isa = PBXFileReference; lastKnownFileType = image.png; path = blue_star_filled.png; sourceTree = "<group>"; };
		FFCF00031AB677BA006FAE44 /* blue_star.png */ = {isa = PBXFileReference; lastKnownFileType = image.png; path = blue_star.png; sourceTree = "<group>"; };
		FFCF00081AB72699006FAE44 /* PresentScene.swift */ = {isa = PBXFileReference; fileEncoding = 4; lastKnownFileType = sourcecode.swift; path = PresentScene.swift; sourceTree = "<group>"; };
		FFCFFFF41AAE165C006FAE44 /* Level0.sks */ = {isa = PBXFileReference; lastKnownFileType = file.sks; name = Level0.sks; path = ../Maps/Level0.sks; sourceTree = "<group>"; };
		FFCFFFF61AAE1683006FAE44 /* Level1.sks */ = {isa = PBXFileReference; lastKnownFileType = file.sks; name = Level1.sks; path = ../Maps/Level1.sks; sourceTree = "<group>"; };
		FFCFFFF81AAE16A3006FAE44 /* Level2.sks */ = {isa = PBXFileReference; lastKnownFileType = file.sks; name = Level2.sks; path = ../Maps/Level2.sks; sourceTree = "<group>"; };
		FFCFFFFA1AAE16B8006FAE44 /* Level3.sks */ = {isa = PBXFileReference; lastKnownFileType = file.sks; name = Level3.sks; path = ../Maps/Level3.sks; sourceTree = "<group>"; };
		FFCFFFFC1AAE16D9006FAE44 /* Level4.sks */ = {isa = PBXFileReference; lastKnownFileType = file.sks; name = Level4.sks; path = ../Maps/Level4.sks; sourceTree = "<group>"; };
		FFCFFFFE1AAE16E7006FAE44 /* Level5.sks */ = {isa = PBXFileReference; lastKnownFileType = file.sks; name = Level5.sks; path = ../Maps/Level5.sks; sourceTree = "<group>"; };
/* End PBXFileReference section */

/* Begin PBXFrameworksBuildPhase section */
		FF6C10391A6572FB00A5C7D7 /* Frameworks */ = {
			isa = PBXFrameworksBuildPhase;
			buildActionMask = 2147483647;
			files = (
				FF6C106A1A65807500A5C7D7 /* MultipeerConnectivity.framework in Frameworks */,
			);
			runOnlyForDeploymentPostprocessing = 0;
		};
		FF6C104E1A6572FC00A5C7D7 /* Frameworks */ = {
			isa = PBXFrameworksBuildPhase;
			buildActionMask = 2147483647;
			files = (
			);
			runOnlyForDeploymentPostprocessing = 0;
		};
/* End PBXFrameworksBuildPhase section */

/* Begin PBXGroup section */
		112F126D1AC5D761008E65BF /* Sounds */ = {
			isa = PBXGroup;
			children = (
				112F12721AC5DDF6008E65BF /* What.mp3 */,
				112F12741AC5E684008E65BF /* Yeah.mp3 */,
				112F12701AC5DC13008E65BF /* Switch3.mp3 */,
				112F126E1AC5D8DB008E65BF /* BodyHit01.wav */,
			);
			name = Sounds;
			sourceTree = "<group>";
		};
		115403151AAFC9ED000B2BA2 /* Scenes */ = {
			isa = PBXGroup;
			children = (
				119C5AE21A9D1C0D002012AC /* WaitingForGameStartScene.swift */,
				FF53011F1A7D43A300F04937 /* GameScene.swift */,
				119F18701AB7B751002A7EAA /* GameBattleScene.swift */,
				11F828A91AB5E2B400E25D3F /* GameLevelScene.swift */,
				FFA0D60B1A8D4495000D1C37 /* GameOverScene.swift */,
				113329A21AB0C027008B46A2 /* LeaderBoardScene.swift */,
				113329AC1AB0D109008B46A2 /* TutorialScene.swift */,
				1124FB601AB216470060A1B2 /* TutorialOverScene.swift */,
				11174ECE1AB299FB006013D7 /* LevelXScene.swift */,
				11F828A51AB527E800E25D3F /* InstructionScene.swift */,
				FFCF00081AB72699006FAE44 /* PresentScene.swift */,
			);
			name = Scenes;
			sourceTree = "<group>";
		};
		118BB02D1AAF8625005B1718 /* Maps */ = {
			isa = PBXGroup;
			children = (
				112F12761AC5E947008E65BF /* new-map-1.sks */,
				113329AA1AB0D0C9008B46A2 /* Tutorial.sks */,
				118BB02B1AAF821B005B1718 /* LevelTraining.sks */,
				FFCFFFFE1AAE16E7006FAE44 /* Level5.sks */,
				FFCFFFFC1AAE16D9006FAE44 /* Level4.sks */,
				FFCFFFFA1AAE16B8006FAE44 /* Level3.sks */,
				FFCFFFF81AAE16A3006FAE44 /* Level2.sks */,
				FFCFFFF61AAE1683006FAE44 /* Level1.sks */,
				FFCFFFF41AAE165C006FAE44 /* Level0.sks */,
			);
			name = Maps;
			sourceTree = "<group>";
		};
		119AF3CE1AB1463700CD5C3C /* Controller */ = {
			isa = PBXGroup;
			children = (
				FF6C10851A670BED00A5C7D7 /* GameViewController.swift */,
				113329A61AB0CDA2008B46A2 /* ViewController.swift */,
				112D92101AB4887200FCF399 /* LevelViewController.swift */,
			);
			name = Controller;
			sourceTree = "<group>";
		};
		119AF3CF1AB1466700CD5C3C /* OmniBallUtil */ = {
			isa = PBXGroup;
			children = (
				66D5BDF61A79BF2000A34A42 /* Message.swift */,
				119DB08E1A9F7E390044F397 /* OmniBallUtil.swift */,
				3C7E84301A91052700212817 /* Set.swift */,
				113063BF1ABB2B67006340AE /* ProtectionHalo.sks */,
				113063C01ABB2B67006340AE /* spark.png */,
			);
			name = OmniBallUtil;
			sourceTree = "<group>";
		};
		11A57C621A9681A000C695E7 /* Entities */ = {
			isa = PBXGroup;
			children = (
				11A57C631A9681C800C695E7 /* Player.swift */,
				11A57C651A96820F00C695E7 /* MyNodes.swift */,
				11A57C671A96824500C695E7 /* OpponentNodes.swift */,
				11A57C691A96871800C695E7 /* OpponentsWrapper.swift */,
			);
			name = Entities;
			sourceTree = "<group>";
		};
		66D5BDF51A79BEC200A34A42 /* images */ = {
			isa = PBXGroup;
			children = (
				112F12781AC5EA44008E65BF /* wall-mid.png */,
				116A211B1AB727870025F4C9 /* 80x80_star_slot.png */,
				FFCF00001AB677BA006FAE44 /* 400x200_go.png */,
				FFCF00011AB677BA006FAE44 /* 400x200_ready.png */,
				FFCF00021AB677BA006FAE44 /* blue_star_filled.png */,
				FFCF00031AB677BA006FAE44 /* blue_star.png */,
				113329AE1AB0D5A2008B46A2 /* multiButton@2x.png */,
				11174ECC1AB28B20006013D7 /* 600x200_leaderboard.png */,
				113329AF1AB0D5A2008B46A2 /* singleButton@2x.png */,
				118584A51AB0998C002622F8 /* 200x200_button_next.png */,
				118584A61AB0998C002622F8 /* 200x200_button_replay.png */,
				118584A81AB0998C002622F8 /* 300x300_button_battle.png */,
				118584A91AB0998C002622F8 /* 300x300_button_connect.png */,
				11BF7FC01AB1E190002C7371 /* 200x200_hole.png */,
				118584AA1AB0998C002622F8 /* 700x200_you_lose.png */,
				118584AB1AB0998C002622F8 /* 700x200_you_win.png */,
				118584931AB09947002622F8 /* 80x80_orange_ball_filled.png */,
				118584991AB0996F002622F8 /* 80x80_red_ball_filled.png */,
				1185849A1AB0996F002622F8 /* 80x80_red_star_filled.png */,
				1185849B1AB0996F002622F8 /* 80x80_red_star.png */,
				1185849F1AB0997D002622F8 /* 80x80_yellow_ball_filled.png */,
				118584A01AB0997D002622F8 /* 80x80_yellow_star_filled.png */,
				118584A11AB0997D002622F8 /* 80x80_yellow_star.png */,
				118584941AB09947002622F8 /* 80x80_orange_star_filled.png */,
				118584951AB09947002622F8 /* 80x80_orange_star.png */,
				1185848B1AB09923002622F8 /* 80x80_green_ball_filled.png */,
				1185848C1AB09923002622F8 /* 80x80_green_ball.png */,
				1185848D1AB09923002622F8 /* 80x80_green_star_filled.png */,
				1185848E1AB09923002622F8 /* 80x80_green_star.png */,
				118584831AB098C0002622F8 /* 80x80_blue_ball_filled.png */,
				118584841AB098C0002622F8 /* 80x80_blue_star_filled.png */,
				118584851AB098C0002622F8 /* 80x80_blue_star.png */,
				11B79C4F1A9D8F8E0035D4E1 /* wall.png */,
				FF4C71011A8D322800FB3622 /* 80x80_blue_ball.png */,
				FF4C71031A8D322800FB3622 /* 80x80_orange_ball.png */,
				FF4C71041A8D322800FB3622 /* 80x80_red_ball.png */,
				FF4C71051A8D322800FB3622 /* 80x80_yellow_ball.png */,
				66C206F91A6EF6B700F4782C /* circle.png */,
			);
			name = images;
			path = Images;
			sourceTree = "<group>";
		};
		66F8667B1A6F0B72007EE9FF /* SKTUtils */ = {
			isa = PBXGroup;
			children = (
				66F8667C1A6F0B72007EE9FF /* CGFloat+Extensions.swift */,
				66F8667D1A6F0B72007EE9FF /* CGPoint+Extensions.swift */,
				66F8667E1A6F0B72007EE9FF /* CGVector+Extensions.swift */,
				66F8667F1A6F0B72007EE9FF /* Int+Extensions.swift */,
				66F866801A6F0B72007EE9FF /* SKAction+Extensions.swift */,
				66F866811A6F0B72007EE9FF /* SKAction+SpecialEffects.swift */,
				66F866821A6F0B72007EE9FF /* SKColor+Extensions.swift */,
				66F866831A6F0B72007EE9FF /* SKNode+Extensions.swift */,
				66F866841A6F0B72007EE9FF /* SKTAudio.swift */,
				66F866851A6F0B72007EE9FF /* SKTEffects.swift */,
				66F866861A6F0B72007EE9FF /* SKTTimingFunctions.swift */,
				66F866871A6F0B72007EE9FF /* Vector3.swift */,
			);
			path = SKTUtils;
			sourceTree = "<group>";
		};
		FF6C10331A6572FB00A5C7D7 = {
			isa = PBXGroup;
			children = (
				66D5BDF51A79BEC200A34A42 /* images */,
				66F8667B1A6F0B72007EE9FF /* SKTUtils */,
				FF6C10691A65807500A5C7D7 /* MultipeerConnectivity.framework */,
				FF6C103E1A6572FB00A5C7D7 /* OmniBall */,
				FF6C10541A6572FC00A5C7D7 /* OmniBallTests */,
				FF6C103D1A6572FB00A5C7D7 /* Products */,
			);
			sourceTree = "<group>";
		};
		FF6C103D1A6572FB00A5C7D7 /* Products */ = {
			isa = PBXGroup;
			children = (
				FF6C103C1A6572FB00A5C7D7 /* OmniBall.app */,
				FF6C10511A6572FC00A5C7D7 /* OmniBallTests.xctest */,
			);
			name = Products;
			sourceTree = "<group>";
		};
		FF6C103E1A6572FB00A5C7D7 /* OmniBall */ = {
			isa = PBXGroup;
			children = (
				112F126D1AC5D761008E65BF /* Sounds */,
				119AF3CF1AB1466700CD5C3C /* OmniBallUtil */,
				119AF3CE1AB1463700CD5C3C /* Controller */,
				115403151AAFC9ED000B2BA2 /* Scenes */,
				118BB02D1AAF8625005B1718 /* Maps */,
				11A57C621A9681A000C695E7 /* Entities */,
				3C8530E01A8BE20300FFD14C /* GameScene.sks */,
				FF6C10411A6572FB00A5C7D7 /* AppDelegate.swift */,
				66C206F71A6CA9BE00F4782C /* ConnectionManager.swift */,
				FF6C10451A6572FB00A5C7D7 /* Main.storyboard */,
				FF6C10481A6572FB00A5C7D7 /* Images.xcassets */,
				FF6C104A1A6572FB00A5C7D7 /* LaunchScreen.xib */,
				FF6C103F1A6572FB00A5C7D7 /* Supporting Files */,
			);
			path = OmniBall;
			sourceTree = "<group>";
		};
		FF6C103F1A6572FB00A5C7D7 /* Supporting Files */ = {
			isa = PBXGroup;
			children = (
				FF6C10401A6572FB00A5C7D7 /* Info.plist */,
			);
			name = "Supporting Files";
			sourceTree = "<group>";
		};
		FF6C10541A6572FC00A5C7D7 /* OmniBallTests */ = {
			isa = PBXGroup;
			children = (
				FF6C10571A6572FC00A5C7D7 /* OmniBallTests.swift */,
				FF6C10551A6572FC00A5C7D7 /* Supporting Files */,
			);
			path = OmniBallTests;
			sourceTree = "<group>";
		};
		FF6C10551A6572FC00A5C7D7 /* Supporting Files */ = {
			isa = PBXGroup;
			children = (
				FF6C10561A6572FC00A5C7D7 /* Info.plist */,
			);
			name = "Supporting Files";
			sourceTree = "<group>";
		};
/* End PBXGroup section */

/* Begin PBXNativeTarget section */
		FF6C103B1A6572FB00A5C7D7 /* OmniBall */ = {
			isa = PBXNativeTarget;
			buildConfigurationList = FF6C105B1A6572FC00A5C7D7 /* Build configuration list for PBXNativeTarget "OmniBall" */;
			buildPhases = (
				FF6C10381A6572FB00A5C7D7 /* Sources */,
				FF6C10391A6572FB00A5C7D7 /* Frameworks */,
				FF6C103A1A6572FB00A5C7D7 /* Resources */,
			);
			buildRules = (
			);
			dependencies = (
			);
			name = OmniBall;
			productName = try;
			productReference = FF6C103C1A6572FB00A5C7D7 /* OmniBall.app */;
			productType = "com.apple.product-type.application";
		};
		FF6C10501A6572FC00A5C7D7 /* OmniBallTests */ = {
			isa = PBXNativeTarget;
			buildConfigurationList = FF6C105E1A6572FC00A5C7D7 /* Build configuration list for PBXNativeTarget "OmniBallTests" */;
			buildPhases = (
				FF6C104D1A6572FC00A5C7D7 /* Sources */,
				FF6C104E1A6572FC00A5C7D7 /* Frameworks */,
				FF6C104F1A6572FC00A5C7D7 /* Resources */,
			);
			buildRules = (
			);
			dependencies = (
				FF6C10531A6572FC00A5C7D7 /* PBXTargetDependency */,
			);
			name = OmniBallTests;
			productName = tryTests;
			productReference = FF6C10511A6572FC00A5C7D7 /* OmniBallTests.xctest */;
			productType = "com.apple.product-type.bundle.unit-test";
		};
/* End PBXNativeTarget section */

/* Begin PBXProject section */
		FF6C10341A6572FB00A5C7D7 /* Project object */ = {
			isa = PBXProject;
			attributes = {
				LastUpgradeCheck = 0610;
				ORGANIZATIONNAME = "Xiaoyu Chen";
				TargetAttributes = {
					FF6C103B1A6572FB00A5C7D7 = {
						CreatedOnToolsVersion = 6.1.1;
						DevelopmentTeam = EZLTDL7P7G;
					};
					FF6C10501A6572FC00A5C7D7 = {
						CreatedOnToolsVersion = 6.1.1;
						DevelopmentTeam = EZLTDL7P7G;
						TestTargetID = FF6C103B1A6572FB00A5C7D7;
					};
				};
			};
			buildConfigurationList = FF6C10371A6572FB00A5C7D7 /* Build configuration list for PBXProject "OmniBall" */;
			compatibilityVersion = "Xcode 3.2";
			developmentRegion = English;
			hasScannedForEncodings = 0;
			knownRegions = (
				en,
				Base,
			);
			mainGroup = FF6C10331A6572FB00A5C7D7;
			productRefGroup = FF6C103D1A6572FB00A5C7D7 /* Products */;
			projectDirPath = "";
			projectRoot = "";
			targets = (
				FF6C103B1A6572FB00A5C7D7 /* OmniBall */,
				FF6C10501A6572FC00A5C7D7 /* OmniBallTests */,
			);
		};
/* End PBXProject section */

/* Begin PBXResourcesBuildPhase section */
		FF6C103A1A6572FB00A5C7D7 /* Resources */ = {
			isa = PBXResourcesBuildPhase;
			buildActionMask = 2147483647;
			files = (
				113063C11ABB2B67006340AE /* ProtectionHalo.sks in Resources */,
				1185849D1AB0996F002622F8 /* 80x80_red_star_filled.png in Resources */,
				FFCF00041AB677BA006FAE44 /* 400x200_go.png in Resources */,
				118584921AB09923002622F8 /* 80x80_green_star.png in Resources */,
				118584971AB09947002622F8 /* 80x80_orange_star_filled.png in Resources */,
				118BB02C1AAF821B005B1718 /* LevelTraining.sks in Resources */,
				FF2DC1C61AC88103008C6C02 /* 300x300_button_battle_0.png in Resources */,
				118584A31AB0997D002622F8 /* 80x80_yellow_star_filled.png in Resources */,
				118584901AB09923002622F8 /* 80x80_green_ball.png in Resources */,
				FFCFFFFD1AAE16D9006FAE44 /* Level4.sks in Resources */,
				1185848F1AB09923002622F8 /* 80x80_green_ball_filled.png in Resources */,
				FFCFFFF91AAE16A3006FAE44 /* Level2.sks in Resources */,
				FF4C710A1A8D322800FB3622 /* 80x80_red_ball.png in Resources */,
				113329B11AB0D5A2008B46A2 /* singleButton@2x.png in Resources */,
				112F12711AC5DC13008E65BF /* Switch3.mp3 in Resources */,
				113329B01AB0D5A2008B46A2 /* multiButton@2x.png in Resources */,
				112F12771AC5E947008E65BF /* new-map-1.sks in Resources */,
				FFCFFFFF1AAE16E7006FAE44 /* Level5.sks in Resources */,
				FF6C10471A6572FB00A5C7D7 /* Main.storyboard in Resources */,
				113063C21ABB2B67006340AE /* spark.png in Resources */,
				112F12731AC5DDF6008E65BF /* What.mp3 in Resources */,
				112F126F1AC5D8DB008E65BF /* BodyHit01.wav in Resources */,
				FF4C71091A8D322800FB3622 /* 80x80_orange_ball.png in Resources */,
				FFCFFFF51AAE165C006FAE44 /* Level0.sks in Resources */,
				118584AC1AB0998C002622F8 /* 200x200_button_next.png in Resources */,
				118584891AB098C0002622F8 /* 80x80_blue_star.png in Resources */,
				FFCF00061AB677BA006FAE44 /* blue_star_filled.png in Resources */,
				11174ECD1AB28B20006013D7 /* 600x200_leaderboard.png in Resources */,
				3C8530E11A8BE20300FFD14C /* GameScene.sks in Resources */,
				1185849C1AB0996F002622F8 /* 80x80_red_ball_filled.png in Resources */,
				66C206FA1A6EF6B700F4782C /* circle.png in Resources */,
				118584981AB09947002622F8 /* 80x80_orange_star.png in Resources */,
				11B79C501A9D8F8E0035D4E1 /* wall.png in Resources */,
				118584871AB098C0002622F8 /* 80x80_blue_ball_filled.png in Resources */,
				118584AD1AB0998C002622F8 /* 200x200_button_replay.png in Resources */,
				FFCFFFFB1AAE16B8006FAE44 /* Level3.sks in Resources */,
				FF4C71071A8D322800FB3622 /* 80x80_blue_ball.png in Resources */,
				113329AB1AB0D0C9008B46A2 /* Tutorial.sks in Resources */,
				118584A21AB0997D002622F8 /* 80x80_yellow_ball_filled.png in Resources */,
				11BF7FC11AB1E190002C7371 /* 200x200_hole.png in Resources */,
				FFCF00071AB677BA006FAE44 /* blue_star.png in Resources */,
				118584911AB09923002622F8 /* 80x80_green_star_filled.png in Resources */,
				118584A41AB0997D002622F8 /* 80x80_yellow_star.png in Resources */,
				FF6C104C1A6572FB00A5C7D7 /* LaunchScreen.xib in Resources */,
				112F12751AC5E684008E65BF /* Yeah.mp3 in Resources */,
				FF4C710B1A8D322800FB3622 /* 80x80_yellow_ball.png in Resources */,
				FFCF00051AB677BA006FAE44 /* 400x200_ready.png in Resources */,
				118584881AB098C0002622F8 /* 80x80_blue_star_filled.png in Resources */,
				118584B11AB0998C002622F8 /* 700x200_you_lose.png in Resources */,
				118584B21AB0998C002622F8 /* 700x200_you_win.png in Resources */,
				118584AF1AB0998C002622F8 /* 300x300_button_battle.png in Resources */,
				118BB02E1AAF890F005B1718 /* Level1.sks in Resources */,
				1185849E1AB0996F002622F8 /* 80x80_red_star.png in Resources */,
				118584961AB09947002622F8 /* 80x80_orange_ball_filled.png in Resources */,
				116A211C1AB727870025F4C9 /* 80x80_star_slot.png in Resources */,
				FF6C10491A6572FB00A5C7D7 /* Images.xcassets in Resources */,
				112F12791AC5EA44008E65BF /* wall-mid.png in Resources */,
				118584B01AB0998C002622F8 /* 300x300_button_connect.png in Resources */,
			);
			runOnlyForDeploymentPostprocessing = 0;
		};
		FF6C104F1A6572FC00A5C7D7 /* Resources */ = {
			isa = PBXResourcesBuildPhase;
			buildActionMask = 2147483647;
			files = (
			);
			runOnlyForDeploymentPostprocessing = 0;
		};
/* End PBXResourcesBuildPhase section */

/* Begin PBXSourcesBuildPhase section */
		FF6C10381A6572FB00A5C7D7 /* Sources */ = {
			isa = PBXSourcesBuildPhase;
			buildActionMask = 2147483647;
			files = (
				66F8668E1A6F0B72007EE9FF /* SKColor+Extensions.swift in Sources */,
				11F828A61AB527E800E25D3F /* InstructionScene.swift in Sources */,
				66F866921A6F0B72007EE9FF /* SKTTimingFunctions.swift in Sources */,
				11174ECF1AB299FB006013D7 /* LevelXScene.swift in Sources */,
				66F8668C1A6F0B72007EE9FF /* SKAction+Extensions.swift in Sources */,
				66D5BDF71A79BF2000A34A42 /* Message.swift in Sources */,
				11A57C681A96824500C695E7 /* OpponentNodes.swift in Sources */,
				FF6C10871A670BED00A5C7D7 /* GameViewController.swift in Sources */,
				11F828AA1AB5E2B400E25D3F /* GameLevelScene.swift in Sources */,
				66F8668A1A6F0B72007EE9FF /* CGVector+Extensions.swift in Sources */,
				FF5301201A7D43A300F04937 /* GameScene.swift in Sources */,
				66F866901A6F0B72007EE9FF /* SKTAudio.swift in Sources */,
				1124FB611AB216470060A1B2 /* TutorialOverScene.swift in Sources */,
				119C5AE31A9D1C0D002012AC /* WaitingForGameStartScene.swift in Sources */,
				11A57C641A9681C800C695E7 /* Player.swift in Sources */,
				66F866881A6F0B72007EE9FF /* CGFloat+Extensions.swift in Sources */,
				66F8668F1A6F0B72007EE9FF /* SKNode+Extensions.swift in Sources */,
				66F866911A6F0B72007EE9FF /* SKTEffects.swift in Sources */,
				FFCF00091AB72699006FAE44 /* PresentScene.swift in Sources */,
				113329A31AB0C027008B46A2 /* LeaderBoardScene.swift in Sources */,
				119DB08F1A9F7E390044F397 /* OmniBallUtil.swift in Sources */,
				11A57C6A1A96871800C695E7 /* OpponentsWrapper.swift in Sources */,
				66C206F81A6CA9BE00F4782C /* ConnectionManager.swift in Sources */,
				66F8668B1A6F0B72007EE9FF /* Int+Extensions.swift in Sources */,
				66F866891A6F0B72007EE9FF /* CGPoint+Extensions.swift in Sources */,
				3C7E84311A91052700212817 /* Set.swift in Sources */,
				113329A71AB0CDA2008B46A2 /* ViewController.swift in Sources */,
				11A57C661A96820F00C695E7 /* MyNodes.swift in Sources */,
				112D92111AB4887200FCF399 /* LevelViewController.swift in Sources */,
				66F8668D1A6F0B72007EE9FF /* SKAction+SpecialEffects.swift in Sources */,
				113329AD1AB0D109008B46A2 /* TutorialScene.swift in Sources */,
				66F866931A6F0B72007EE9FF /* Vector3.swift in Sources */,
				FFA0D60C1A8D4495000D1C37 /* GameOverScene.swift in Sources */,
				119F18711AB7B751002A7EAA /* GameBattleScene.swift in Sources */,
				FF6C10421A6572FB00A5C7D7 /* AppDelegate.swift in Sources */,
			);
			runOnlyForDeploymentPostprocessing = 0;
		};
		FF6C104D1A6572FC00A5C7D7 /* Sources */ = {
			isa = PBXSourcesBuildPhase;
			buildActionMask = 2147483647;
			files = (
				FF6C10581A6572FC00A5C7D7 /* OmniBallTests.swift in Sources */,
			);
			runOnlyForDeploymentPostprocessing = 0;
		};
/* End PBXSourcesBuildPhase section */

/* Begin PBXTargetDependency section */
		FF6C10531A6572FC00A5C7D7 /* PBXTargetDependency */ = {
			isa = PBXTargetDependency;
			target = FF6C103B1A6572FB00A5C7D7 /* OmniBall */;
			targetProxy = FF6C10521A6572FC00A5C7D7 /* PBXContainerItemProxy */;
		};
/* End PBXTargetDependency section */

/* Begin PBXVariantGroup section */
		FF6C10451A6572FB00A5C7D7 /* Main.storyboard */ = {
			isa = PBXVariantGroup;
			children = (
				FF6C10461A6572FB00A5C7D7 /* Base */,
			);
			name = Main.storyboard;
			sourceTree = "<group>";
		};
		FF6C104A1A6572FB00A5C7D7 /* LaunchScreen.xib */ = {
			isa = PBXVariantGroup;
			children = (
				FF6C104B1A6572FB00A5C7D7 /* Base */,
			);
			name = LaunchScreen.xib;
			sourceTree = "<group>";
		};
/* End PBXVariantGroup section */

/* Begin XCBuildConfiguration section */
		FF6C10591A6572FC00A5C7D7 /* Debug */ = {
			isa = XCBuildConfiguration;
			buildSettings = {
				ALWAYS_SEARCH_USER_PATHS = NO;
				CLANG_CXX_LANGUAGE_STANDARD = "gnu++0x";
				CLANG_CXX_LIBRARY = "libc++";
				CLANG_ENABLE_MODULES = YES;
				CLANG_ENABLE_OBJC_ARC = YES;
				CLANG_WARN_BOOL_CONVERSION = YES;
				CLANG_WARN_CONSTANT_CONVERSION = YES;
				CLANG_WARN_DIRECT_OBJC_ISA_USAGE = YES_ERROR;
				CLANG_WARN_EMPTY_BODY = YES;
				CLANG_WARN_ENUM_CONVERSION = YES;
				CLANG_WARN_INT_CONVERSION = YES;
				CLANG_WARN_OBJC_ROOT_CLASS = YES_ERROR;
				CLANG_WARN_UNREACHABLE_CODE = YES;
				CLANG_WARN__DUPLICATE_METHOD_MATCH = YES;
				"CODE_SIGN_IDENTITY[sdk=iphoneos*]" = "iPhone Developer";
				COPY_PHASE_STRIP = NO;
				ENABLE_STRICT_OBJC_MSGSEND = YES;
				GCC_C_LANGUAGE_STANDARD = gnu99;
				GCC_DYNAMIC_NO_PIC = NO;
				GCC_OPTIMIZATION_LEVEL = 0;
				GCC_PREPROCESSOR_DEFINITIONS = (
					"DEBUG=1",
					"$(inherited)",
				);
				GCC_SYMBOLS_PRIVATE_EXTERN = NO;
				GCC_WARN_64_TO_32_BIT_CONVERSION = YES;
				GCC_WARN_ABOUT_RETURN_TYPE = YES_ERROR;
				GCC_WARN_UNDECLARED_SELECTOR = YES;
				GCC_WARN_UNINITIALIZED_AUTOS = YES_AGGRESSIVE;
				GCC_WARN_UNUSED_FUNCTION = YES;
				GCC_WARN_UNUSED_VARIABLE = YES;
				IPHONEOS_DEPLOYMENT_TARGET = 8.1;
				MTL_ENABLE_DEBUG_INFO = YES;
				ONLY_ACTIVE_ARCH = YES;
				SDKROOT = iphoneos;
				SWIFT_OPTIMIZATION_LEVEL = "-Onone";
				TARGETED_DEVICE_FAMILY = "1,2";
			};
			name = Debug;
		};
		FF6C105A1A6572FC00A5C7D7 /* Release */ = {
			isa = XCBuildConfiguration;
			buildSettings = {
				ALWAYS_SEARCH_USER_PATHS = NO;
				CLANG_CXX_LANGUAGE_STANDARD = "gnu++0x";
				CLANG_CXX_LIBRARY = "libc++";
				CLANG_ENABLE_MODULES = YES;
				CLANG_ENABLE_OBJC_ARC = YES;
				CLANG_WARN_BOOL_CONVERSION = YES;
				CLANG_WARN_CONSTANT_CONVERSION = YES;
				CLANG_WARN_DIRECT_OBJC_ISA_USAGE = YES_ERROR;
				CLANG_WARN_EMPTY_BODY = YES;
				CLANG_WARN_ENUM_CONVERSION = YES;
				CLANG_WARN_INT_CONVERSION = YES;
				CLANG_WARN_OBJC_ROOT_CLASS = YES_ERROR;
				CLANG_WARN_UNREACHABLE_CODE = YES;
				CLANG_WARN__DUPLICATE_METHOD_MATCH = YES;
				"CODE_SIGN_IDENTITY[sdk=iphoneos*]" = "iPhone Developer";
				COPY_PHASE_STRIP = YES;
				ENABLE_NS_ASSERTIONS = NO;
				ENABLE_STRICT_OBJC_MSGSEND = YES;
				GCC_C_LANGUAGE_STANDARD = gnu99;
				GCC_WARN_64_TO_32_BIT_CONVERSION = YES;
				GCC_WARN_ABOUT_RETURN_TYPE = YES_ERROR;
				GCC_WARN_UNDECLARED_SELECTOR = YES;
				GCC_WARN_UNINITIALIZED_AUTOS = YES_AGGRESSIVE;
				GCC_WARN_UNUSED_FUNCTION = YES;
				GCC_WARN_UNUSED_VARIABLE = YES;
				IPHONEOS_DEPLOYMENT_TARGET = 8.1;
				MTL_ENABLE_DEBUG_INFO = NO;
				SDKROOT = iphoneos;
				TARGETED_DEVICE_FAMILY = "1,2";
				VALIDATE_PRODUCT = YES;
			};
			name = Release;
		};
		FF6C105C1A6572FC00A5C7D7 /* Debug */ = {
			isa = XCBuildConfiguration;
			buildSettings = {
				ASSETCATALOG_COMPILER_APPICON_NAME = AppIcon;
				CODE_SIGN_IDENTITY = "iPhone Developer";
				"CODE_SIGN_IDENTITY[sdk=iphoneos*]" = "iPhone Developer";
				INFOPLIST_FILE = OmniBall/Info.plist;
				LD_RUNPATH_SEARCH_PATHS = "$(inherited) @executable_path/Frameworks";
				PRODUCT_NAME = OmniBall;
				PROVISIONING_PROFILE = "";
			};
			name = Debug;
		};
		FF6C105D1A6572FC00A5C7D7 /* Release */ = {
			isa = XCBuildConfiguration;
			buildSettings = {
				ASSETCATALOG_COMPILER_APPICON_NAME = AppIcon;
				CODE_SIGN_IDENTITY = "iPhone Developer";
				"CODE_SIGN_IDENTITY[sdk=iphoneos*]" = "iPhone Developer";
				INFOPLIST_FILE = OmniBall/Info.plist;
				LD_RUNPATH_SEARCH_PATHS = "$(inherited) @executable_path/Frameworks";
				PRODUCT_NAME = OmniBall;
				PROVISIONING_PROFILE = "";
			};
			name = Release;
		};
		FF6C105F1A6572FC00A5C7D7 /* Debug */ = {
			isa = XCBuildConfiguration;
			buildSettings = {
				BUNDLE_LOADER = "$(TEST_HOST)";
				FRAMEWORK_SEARCH_PATHS = (
					"$(SDKROOT)/Developer/Library/Frameworks",
					"$(inherited)",
				);
				GCC_PREPROCESSOR_DEFINITIONS = (
					"DEBUG=1",
					"$(inherited)",
				);
				INFOPLIST_FILE = tryTests/Info.plist;
				LD_RUNPATH_SEARCH_PATHS = "$(inherited) @executable_path/Frameworks @loader_path/Frameworks";
				PRODUCT_NAME = OmniBallTests;
				TEST_HOST = "$(BUILT_PRODUCTS_DIR)/try.app/try";
			};
			name = Debug;
		};
		FF6C10601A6572FC00A5C7D7 /* Release */ = {
			isa = XCBuildConfiguration;
			buildSettings = {
				BUNDLE_LOADER = "$(TEST_HOST)";
				FRAMEWORK_SEARCH_PATHS = (
					"$(SDKROOT)/Developer/Library/Frameworks",
					"$(inherited)",
				);
				INFOPLIST_FILE = tryTests/Info.plist;
				LD_RUNPATH_SEARCH_PATHS = "$(inherited) @executable_path/Frameworks @loader_path/Frameworks";
				PRODUCT_NAME = OmniBallTests;
				TEST_HOST = "$(BUILT_PRODUCTS_DIR)/try.app/try";
			};
			name = Release;
		};
/* End XCBuildConfiguration section */

/* Begin XCConfigurationList section */
		FF6C10371A6572FB00A5C7D7 /* Build configuration list for PBXProject "OmniBall" */ = {
			isa = XCConfigurationList;
			buildConfigurations = (
				FF6C10591A6572FC00A5C7D7 /* Debug */,
				FF6C105A1A6572FC00A5C7D7 /* Release */,
			);
			defaultConfigurationIsVisible = 0;
			defaultConfigurationName = Release;
		};
		FF6C105B1A6572FC00A5C7D7 /* Build configuration list for PBXNativeTarget "OmniBall" */ = {
			isa = XCConfigurationList;
			buildConfigurations = (
				FF6C105C1A6572FC00A5C7D7 /* Debug */,
				FF6C105D1A6572FC00A5C7D7 /* Release */,
			);
			defaultConfigurationIsVisible = 0;
			defaultConfigurationName = Release;
		};
		FF6C105E1A6572FC00A5C7D7 /* Build configuration list for PBXNativeTarget "OmniBallTests" */ = {
			isa = XCConfigurationList;
			buildConfigurations = (
				FF6C105F1A6572FC00A5C7D7 /* Debug */,
				FF6C10601A6572FC00A5C7D7 /* Release */,
			);
			defaultConfigurationIsVisible = 0;
			defaultConfigurationName = Release;
		};
/* End XCConfigurationList section */
	};
	rootObject = FF6C10341A6572FB00A5C7D7 /* Project object */;
}
