// !$*UTF8*$!
{
	archiveVersion = 1;
	classes = {
	};
	objectVersion = 46;
	objects = {

/* Begin PBXBuildFile section */
		11174ECD1AB28B20006013D7 /* 600x200_leaderboard.png in Resources */ = {isa = PBXBuildFile; fileRef = 11174ECC1AB28B20006013D7 /* 600x200_leaderboard.png */; };
		11174ECF1AB299FB006013D7 /* LevelXScene.swift in Sources */ = {isa = PBXBuildFile; fileRef = 11174ECE1AB299FB006013D7 /* LevelXScene.swift */; };
		1124FB611AB216470060A1B2 /* TutorialOverScene.swift in Sources */ = {isa = PBXBuildFile; fileRef = 1124FB601AB216470060A1B2 /* TutorialOverScene.swift */; };
		112D92111AB4887200FCF399 /* LevelViewController.swift in Sources */ = {isa = PBXBuildFile; fileRef = 112D92101AB4887200FCF399 /* LevelViewController.swift */; };
		112F126F1AC5D8DB008E65BF /* BodyHit01.wav in Resources */ = {isa = PBXBuildFile; fileRef = 112F126E1AC5D8DB008E65BF /* BodyHit01.wav */; };
		112F12711AC5DC13008E65BF /* Switch3.mp3 in Resources */ = {isa = PBXBuildFile; fileRef = 112F12701AC5DC13008E65BF /* Switch3.mp3 */; };
		112F12731AC5DDF6008E65BF /* What.mp3 in Resources */ = {isa = PBXBuildFile; fileRef = 112F12721AC5DDF6008E65BF /* What.mp3 */; };
		112F12751AC5E684008E65BF /* Yeah.mp3 in Resources */ = {isa = PBXBuildFile; fileRef = 112F12741AC5E684008E65BF /* Yeah.mp3 */; };
		112F12791AC5EA44008E65BF /* wall-mid.png in Resources */ = {isa = PBXBuildFile; fileRef = 112F12781AC5EA44008E65BF /* wall-mid.png */; };
		113063C11ABB2B67006340AE /* ProtectionHalo.sks in Resources */ = {isa = PBXBuildFile; fileRef = 113063BF1ABB2B67006340AE /* ProtectionHalo.sks */; };
		113063C21ABB2B67006340AE /* spark.png in Resources */ = {isa = PBXBuildFile; fileRef = 113063C01ABB2B67006340AE /* spark.png */; };
		113329A31AB0C027008B46A2 /* LeaderBoardScene.swift in Sources */ = {isa = PBXBuildFile; fileRef = 113329A21AB0C027008B46A2 /* LeaderBoardScene.swift */; };
		113329A71AB0CDA2008B46A2 /* ViewController.swift in Sources */ = {isa = PBXBuildFile; fileRef = 113329A61AB0CDA2008B46A2 /* ViewController.swift */; };
		113329AB1AB0D0C9008B46A2 /* Tutorial.sks in Resources */ = {isa = PBXBuildFile; fileRef = 113329AA1AB0D0C9008B46A2 /* Tutorial.sks */; };
		113329AD1AB0D109008B46A2 /* TutorialScene.swift in Sources */ = {isa = PBXBuildFile; fileRef = 113329AC1AB0D109008B46A2 /* TutorialScene.swift */; };
		113329B01AB0D5A2008B46A2 /* multiButton@2x.png in Resources */ = {isa = PBXBuildFile; fileRef = 113329AE1AB0D5A2008B46A2 /* multiButton@2x.png */; };
		113329B11AB0D5A2008B46A2 /* singleButton@2x.png in Resources */ = {isa = PBXBuildFile; fileRef = 113329AF1AB0D5A2008B46A2 /* singleButton@2x.png */; };
		1161298C1AEFDEB500222B9F /* Battle.png in Resources */ = {isa = PBXBuildFile; fileRef = 1161298A1AEFDEB500222B9F /* Battle.png */; };
		1161298D1AEFDEB500222B9F /* Pool.png in Resources */ = {isa = PBXBuildFile; fileRef = 1161298B1AEFDEB500222B9F /* Pool.png */; };
		116A211C1AB727870025F4C9 /* 80x80_star_slot.png in Resources */ = {isa = PBXBuildFile; fileRef = 116A211B1AB727870025F4C9 /* 80x80_star_slot.png */; };
		118584AC1AB0998C002622F8 /* 200x200_button_next.png in Resources */ = {isa = PBXBuildFile; fileRef = 118584A51AB0998C002622F8 /* 200x200_button_next.png */; };
		118584AD1AB0998C002622F8 /* 200x200_button_replay.png in Resources */ = {isa = PBXBuildFile; fileRef = 118584A61AB0998C002622F8 /* 200x200_button_replay.png */; };
		118584AF1AB0998C002622F8 /* 300x300_button_battle.png in Resources */ = {isa = PBXBuildFile; fileRef = 118584A81AB0998C002622F8 /* 300x300_button_battle.png */; };
		118584B01AB0998C002622F8 /* 300x300_button_connect.png in Resources */ = {isa = PBXBuildFile; fileRef = 118584A91AB0998C002622F8 /* 300x300_button_connect.png */; };
		118584B11AB0998C002622F8 /* 700x200_you_lose.png in Resources */ = {isa = PBXBuildFile; fileRef = 118584AA1AB0998C002622F8 /* 700x200_you_lose.png */; };
		118584B21AB0998C002622F8 /* 700x200_you_win.png in Resources */ = {isa = PBXBuildFile; fileRef = 118584AB1AB0998C002622F8 /* 700x200_you_win.png */; };
		118BB02C1AAF821B005B1718 /* LevelTraining.sks in Resources */ = {isa = PBXBuildFile; fileRef = 118BB02B1AAF821B005B1718 /* LevelTraining.sks */; };
		118BB02E1AAF890F005B1718 /* Level1.sks in Resources */ = {isa = PBXBuildFile; fileRef = FFCFFFF61AAE1683006FAE44 /* Level1.sks */; };
		119C5AE31A9D1C0D002012AC /* WaitingForGameStartScene.swift in Sources */ = {isa = PBXBuildFile; fileRef = 119C5AE21A9D1C0D002012AC /* WaitingForGameStartScene.swift */; };
		119DB08F1A9F7E390044F397 /* OmniBallUtil.swift in Sources */ = {isa = PBXBuildFile; fileRef = 119DB08E1A9F7E390044F397 /* OmniBallUtil.swift */; };
		119F18711AB7B751002A7EAA /* GameBattleScene.swift in Sources */ = {isa = PBXBuildFile; fileRef = 119F18701AB7B751002A7EAA /* GameBattleScene.swift */; };
		11A2E32D1B6C82D400147CC7 /* Omniball Success.wav in Resources */ = {isa = PBXBuildFile; fileRef = 11A2E32C1B6C82D400147CC7 /* Omniball Success.wav */; };
		11A57C641A9681C800C695E7 /* Player.swift in Sources */ = {isa = PBXBuildFile; fileRef = 11A57C631A9681C800C695E7 /* Player.swift */; };
		11A57C661A96820F00C695E7 /* MyNodes.swift in Sources */ = {isa = PBXBuildFile; fileRef = 11A57C651A96820F00C695E7 /* MyNodes.swift */; };
		11A57C681A96824500C695E7 /* OpponentNodes.swift in Sources */ = {isa = PBXBuildFile; fileRef = 11A57C671A96824500C695E7 /* OpponentNodes.swift */; };
		11A57C6A1A96871800C695E7 /* OpponentsWrapper.swift in Sources */ = {isa = PBXBuildFile; fileRef = 11A57C691A96871800C695E7 /* OpponentsWrapper.swift */; };
		11B79C501A9D8F8E0035D4E1 /* wall-thick.png in Resources */ = {isa = PBXBuildFile; fileRef = 11B79C4F1A9D8F8E0035D4E1 /* wall-thick.png */; };
		11BF7FC11AB1E190002C7371 /* 200x200_hole.png in Resources */ = {isa = PBXBuildFile; fileRef = 11BF7FC01AB1E190002C7371 /* 200x200_hole.png */; };
		11D844A11AC9C5360078B62B /* Electric Hit.mp3 in Resources */ = {isa = PBXBuildFile; fileRef = 11D844A01AC9C5360078B62B /* Electric Hit.mp3 */; };
		11D844A31AC9CD2E0078B62B /* Electric Hit 02.mp3 in Resources */ = {isa = PBXBuildFile; fileRef = 11D844A21AC9CD2E0078B62B /* Electric Hit 02.mp3 */; };
		11D844A51ACC3C330078B62B /* 100x100_icon_rank.png in Resources */ = {isa = PBXBuildFile; fileRef = 11D844A41ACC3C330078B62B /* 100x100_icon_rank.png */; };
		11DCA0381AE548E900BF5766 /* cross.png in Resources */ = {isa = PBXBuildFile; fileRef = 11DCA0371AE548E900BF5766 /* cross.png */; };
		11DCA03D1AE5860C00BF5766 /* catch_star.mp3 in Resources */ = {isa = PBXBuildFile; fileRef = 11DCA0391AE5860C00BF5766 /* catch_star.mp3 */; };
		11DCA03E1AE5860C00BF5766 /* collision.mp3 in Resources */ = {isa = PBXBuildFile; fileRef = 11DCA03A1AE5860C00BF5766 /* collision.mp3 */; };
		11DCA03F1AE5860C00BF5766 /* lose_star.mp3 in Resources */ = {isa = PBXBuildFile; fileRef = 11DCA03B1AE5860C00BF5766 /* lose_star.mp3 */; };
		11DCA0401AE5860C00BF5766 /* score_star.mp3 in Resources */ = {isa = PBXBuildFile; fileRef = 11DCA03C1AE5860C00BF5766 /* score_star.mp3 */; };
		11DCA0421AE730CC00BF5766 /* PoolArena.sks in Resources */ = {isa = PBXBuildFile; fileRef = 11DCA0411AE730CC00BF5766 /* PoolArena.sks */; };
		11DCA0441AE7315800BF5766 /* GamePoolScene.swift in Sources */ = {isa = PBXBuildFile; fileRef = 11DCA0431AE7315800BF5766 /* GamePoolScene.swift */; };
		11ED25B21AD31436002803EC /* Main.storyboard in Resources */ = {isa = PBXBuildFile; fileRef = 11ED25B01AD31436002803EC /* Main.storyboard */; };
		11F828A61AB527E800E25D3F /* InstructionScene.swift in Sources */ = {isa = PBXBuildFile; fileRef = 11F828A51AB527E800E25D3F /* InstructionScene.swift */; };
		11F828AA1AB5E2B400E25D3F /* GameLevelScene.swift in Sources */ = {isa = PBXBuildFile; fileRef = 11F828A91AB5E2B400E25D3F /* GameLevelScene.swift */; };
		3C8530E11A8BE20300FFD14C /* GameScene.sks in Resources */ = {isa = PBXBuildFile; fileRef = 3C8530E01A8BE20300FFD14C /* GameScene.sks */; };
		66C206F81A6CA9BE00F4782C /* ConnectionManager.swift in Sources */ = {isa = PBXBuildFile; fileRef = 66C206F71A6CA9BE00F4782C /* ConnectionManager.swift */; };
		66C206FA1A6EF6B700F4782C /* circle.png in Resources */ = {isa = PBXBuildFile; fileRef = 66C206F91A6EF6B700F4782C /* circle.png */; };
		66D5BDF71A79BF2000A34A42 /* Message.swift in Sources */ = {isa = PBXBuildFile; fileRef = 66D5BDF61A79BF2000A34A42 /* Message.swift */; };
		66F866881A6F0B72007EE9FF /* CGFloat+Extensions.swift in Sources */ = {isa = PBXBuildFile; fileRef = 66F8667C1A6F0B72007EE9FF /* CGFloat+Extensions.swift */; };
		66F866891A6F0B72007EE9FF /* CGPoint+Extensions.swift in Sources */ = {isa = PBXBuildFile; fileRef = 66F8667D1A6F0B72007EE9FF /* CGPoint+Extensions.swift */; };
		66F8668A1A6F0B72007EE9FF /* CGVector+Extensions.swift in Sources */ = {isa = PBXBuildFile; fileRef = 66F8667E1A6F0B72007EE9FF /* CGVector+Extensions.swift */; };
		66F8668B1A6F0B72007EE9FF /* Int+Extensions.swift in Sources */ = {isa = PBXBuildFile; fileRef = 66F8667F1A6F0B72007EE9FF /* Int+Extensions.swift */; };
		66F8668C1A6F0B72007EE9FF /* SKAction+Extensions.swift in Sources */ = {isa = PBXBuildFile; fileRef = 66F866801A6F0B72007EE9FF /* SKAction+Extensions.swift */; };
		66F8668D1A6F0B72007EE9FF /* SKAction+SpecialEffects.swift in Sources */ = {isa = PBXBuildFile; fileRef = 66F866811A6F0B72007EE9FF /* SKAction+SpecialEffects.swift */; };
		66F8668E1A6F0B72007EE9FF /* SKColor+Extensions.swift in Sources */ = {isa = PBXBuildFile; fileRef = 66F866821A6F0B72007EE9FF /* SKColor+Extensions.swift */; };
		66F8668F1A6F0B72007EE9FF /* SKNode+Extensions.swift in Sources */ = {isa = PBXBuildFile; fileRef = 66F866831A6F0B72007EE9FF /* SKNode+Extensions.swift */; };
		66F866901A6F0B72007EE9FF /* SKTAudio.swift in Sources */ = {isa = PBXBuildFile; fileRef = 66F866841A6F0B72007EE9FF /* SKTAudio.swift */; };
		66F866911A6F0B72007EE9FF /* SKTEffects.swift in Sources */ = {isa = PBXBuildFile; fileRef = 66F866851A6F0B72007EE9FF /* SKTEffects.swift */; };
		66F866921A6F0B72007EE9FF /* SKTTimingFunctions.swift in Sources */ = {isa = PBXBuildFile; fileRef = 66F866861A6F0B72007EE9FF /* SKTTimingFunctions.swift */; };
		66F866931A6F0B72007EE9FF /* Vector3.swift in Sources */ = {isa = PBXBuildFile; fileRef = 66F866871A6F0B72007EE9FF /* Vector3.swift */; };
		FF0DCA9D1AE6A16B003EC278 /* blue_aster.png in Resources */ = {isa = PBXBuildFile; fileRef = FF0DCA8F1AE6A16B003EC278 /* blue_aster.png */; };
		FF0DCA9E1AE6A16B003EC278 /* blue_ball.png in Resources */ = {isa = PBXBuildFile; fileRef = FF0DCA901AE6A16B003EC278 /* blue_ball.png */; };
		FF0DCA9F1AE6A16B003EC278 /* blue_circle.png in Resources */ = {isa = PBXBuildFile; fileRef = FF0DCA911AE6A16B003EC278 /* blue_circle.png */; };
		FF0DCAA01AE6A16B003EC278 /* exit.png in Resources */ = {isa = PBXBuildFile; fileRef = FF0DCA921AE6A16B003EC278 /* exit.png */; };
		FF0DCAA11AE6A16B003EC278 /* green_aster.png in Resources */ = {isa = PBXBuildFile; fileRef = FF0DCA931AE6A16B003EC278 /* green_aster.png */; };
		FF0DCAA21AE6A16B003EC278 /* green_ball.png in Resources */ = {isa = PBXBuildFile; fileRef = FF0DCA941AE6A16B003EC278 /* green_ball.png */; };
		FF0DCAA31AE6A16B003EC278 /* green_circle.png in Resources */ = {isa = PBXBuildFile; fileRef = FF0DCA951AE6A16B003EC278 /* green_circle.png */; };
		FF0DCAA41AE6A16B003EC278 /* green_star.png in Resources */ = {isa = PBXBuildFile; fileRef = FF0DCA961AE6A16B003EC278 /* green_star.png */; };
		FF0DCAA51AE6A16B003EC278 /* red_aster.png in Resources */ = {isa = PBXBuildFile; fileRef = FF0DCA971AE6A16B003EC278 /* red_aster.png */; };
		FF0DCAA61AE6A16B003EC278 /* red_ball.png in Resources */ = {isa = PBXBuildFile; fileRef = FF0DCA981AE6A16B003EC278 /* red_ball.png */; };
		FF0DCAA71AE6A16B003EC278 /* red_circle.png in Resources */ = {isa = PBXBuildFile; fileRef = FF0DCA991AE6A16B003EC278 /* red_circle.png */; };
		FF0DCAA81AE6A16B003EC278 /* red_star.png in Resources */ = {isa = PBXBuildFile; fileRef = FF0DCA9A1AE6A16B003EC278 /* red_star.png */; };
		FF0DCAA91AE6A16B003EC278 /* staro.png in Resources */ = {isa = PBXBuildFile; fileRef = FF0DCA9B1AE6A16B003EC278 /* staro.png */; };
		FF0DCAAA1AE6A16B003EC278 /* wall-thin.png in Resources */ = {isa = PBXBuildFile; fileRef = FF0DCA9C1AE6A16B003EC278 /* wall-thin.png */; };
		FF2086441AC9C65B00F09DB7 /* MinimapController.swift in Sources */ = {isa = PBXBuildFile; fileRef = FF2086431AC9C65B00F09DB7 /* MinimapController.swift */; };
		FF20864E1ACC797800F09DB7 /* map.png in Resources */ = {isa = PBXBuildFile; fileRef = FF2086471ACC797800F09DB7 /* map.png */; };
		FF20864F1ACC797800F09DB7 /* maze.png in Resources */ = {isa = PBXBuildFile; fileRef = FF2086481ACC797800F09DB7 /* maze.png */; };
		FF2086501ACC797800F09DB7 /* mini-map-0.png in Resources */ = {isa = PBXBuildFile; fileRef = FF2086491ACC797800F09DB7 /* mini-map-0.png */; };
		FF2086511ACC797800F09DB7 /* mini-map-1.png in Resources */ = {isa = PBXBuildFile; fileRef = FF20864A1ACC797800F09DB7 /* mini-map-1.png */; };
		FF2086521ACC797800F09DB7 /* mini-map-2.png in Resources */ = {isa = PBXBuildFile; fileRef = FF20864B1ACC797800F09DB7 /* mini-map-2.png */; };
		FF2086531ACC797800F09DB7 /* mini-map-3.png in Resources */ = {isa = PBXBuildFile; fileRef = FF20864C1ACC797800F09DB7 /* mini-map-3.png */; };
		FF2086541ACC797800F09DB7 /* mini-map-4.png in Resources */ = {isa = PBXBuildFile; fileRef = FF20864D1ACC797800F09DB7 /* mini-map-4.png */; };
		FF2086561ACC799800F09DB7 /* back-button.png in Resources */ = {isa = PBXBuildFile; fileRef = FF2086551ACC799800F09DB7 /* back-button.png */; };
		FF2DC1C61AC88103008C6C02 /* 300x300_button_battle_0.png in Resources */ = {isa = PBXBuildFile; fileRef = FF2DC1C51AC88103008C6C02 /* 300x300_button_battle_0.png */; };
		FF32B2E01B5F854900B43751 /* activate.wav in Resources */ = {isa = PBXBuildFile; fileRef = FF32B2DA1B5F854900B43751 /* activate.wav */; };
		FF32B2E11B5F854900B43751 /* arena.mp3 in Resources */ = {isa = PBXBuildFile; fileRef = FF32B2DB1B5F854900B43751 /* arena.mp3 */; };
		FF32B2E21B5F854900B43751 /* collide.wav in Resources */ = {isa = PBXBuildFile; fileRef = FF32B2DC1B5F854900B43751 /* collide.wav */; };
		FF32B2E31B5F854900B43751 /* lobby.wav in Resources */ = {isa = PBXBuildFile; fileRef = FF32B2DD1B5F854900B43751 /* lobby.wav */; };
		FF32B2E41B5F854900B43751 /* maze.wav in Resources */ = {isa = PBXBuildFile; fileRef = FF32B2DE1B5F854900B43751 /* maze.wav */; };
		FF3CE8F21AE5519F0035CC75 /* connect.png in Resources */ = {isa = PBXBuildFile; fileRef = FF3CE8EF1AE5519F0035CC75 /* connect.png */; };
		FF3CE8F31AE5519F0035CC75 /* play.png in Resources */ = {isa = PBXBuildFile; fileRef = FF3CE8F01AE5519F0035CC75 /* play.png */; };
		FF3CE8F41AE5519F0035CC75 /* playc.png in Resources */ = {isa = PBXBuildFile; fileRef = FF3CE8F11AE5519F0035CC75 /* playc.png */; };
		FF3CE8F61AE573D70035CC75 /* Flynn.mp3 in Resources */ = {isa = PBXBuildFile; fileRef = FF3CE8F51AE573D70035CC75 /* Flynn.mp3 */; };
		FF4B6D601AE9409700BE12FE /* arena_easy.png in Resources */ = {isa = PBXBuildFile; fileRef = FF4B6D541AE9409600BE12FE /* arena_easy.png */; };
		FF4B6D611AE9409700BE12FE /* arena_hard.png in Resources */ = {isa = PBXBuildFile; fileRef = FF4B6D551AE9409600BE12FE /* arena_hard.png */; };
		FF4B6D621AE9409700BE12FE /* arena.png in Resources */ = {isa = PBXBuildFile; fileRef = FF4B6D561AE9409600BE12FE /* arena.png */; };
		FF4B6D631AE9409700BE12FE /* backbtn.png in Resources */ = {isa = PBXBuildFile; fileRef = FF4B6D571AE9409600BE12FE /* backbtn.png */; };
		FF4B6D641AE9409700BE12FE /* connectbtn.png in Resources */ = {isa = PBXBuildFile; fileRef = FF4B6D581AE9409600BE12FE /* connectbtn.png */; };
		FF4B6D651AE9409700BE12FE /* exitbtn.png in Resources */ = {isa = PBXBuildFile; fileRef = FF4B6D591AE9409600BE12FE /* exitbtn.png */; };
		FF4B6D661AE9409700BE12FE /* maze_easy.png in Resources */ = {isa = PBXBuildFile; fileRef = FF4B6D5A1AE9409600BE12FE /* maze_easy.png */; };
		FF4B6D671AE9409700BE12FE /* maze_hard.png in Resources */ = {isa = PBXBuildFile; fileRef = FF4B6D5B1AE9409600BE12FE /* maze_hard.png */; };
		FF4B6D681AE9409700BE12FE /* mazebtn.png in Resources */ = {isa = PBXBuildFile; fileRef = FF4B6D5C1AE9409600BE12FE /* mazebtn.png */; };
		FF4B6D691AE9409700BE12FE /* playbtn.png in Resources */ = {isa = PBXBuildFile; fileRef = FF4B6D5D1AE9409600BE12FE /* playbtn.png */; };
		FF4B6D6A1AE9409700BE12FE /* playericon.png in Resources */ = {isa = PBXBuildFile; fileRef = FF4B6D5E1AE9409600BE12FE /* playericon.png */; };
		FF4B6D6B1AE9409700BE12FE /* tutorialbtn.png in Resources */ = {isa = PBXBuildFile; fileRef = FF4B6D5F1AE9409600BE12FE /* tutorialbtn.png */; };
		FF4B6D6D1AE9C84300BE12FE /* ArenaDifficultyController.swift in Sources */ = {isa = PBXBuildFile; fileRef = FF4B6D6C1AE9C84300BE12FE /* ArenaDifficultyController.swift */; };
		FF4B6D6F1AE9CD1C00BE12FE /* MazeDifficultyController.swift in Sources */ = {isa = PBXBuildFile; fileRef = FF4B6D6E1AE9CD1C00BE12FE /* MazeDifficultyController.swift */; };
		FF4B6D761AE9CECF00BE12FE /* HLevel1.sks in Resources */ = {isa = PBXBuildFile; fileRef = FF4B6D701AE9CECF00BE12FE /* HLevel1.sks */; };
		FF4B6D771AE9CECF00BE12FE /* HLevel2.sks in Resources */ = {isa = PBXBuildFile; fileRef = FF4B6D711AE9CECF00BE12FE /* HLevel2.sks */; };
		FF4B6D781AE9CECF00BE12FE /* HLevel3.sks in Resources */ = {isa = PBXBuildFile; fileRef = FF4B6D721AE9CECF00BE12FE /* HLevel3.sks */; };
		FF4B6D791AE9CECF00BE12FE /* HLevel4.sks in Resources */ = {isa = PBXBuildFile; fileRef = FF4B6D731AE9CECF00BE12FE /* HLevel4.sks */; };
		FF4B6D7A1AE9CECF00BE12FE /* HLevel5.sks in Resources */ = {isa = PBXBuildFile; fileRef = FF4B6D741AE9CECF00BE12FE /* HLevel5.sks */; };
		FF4B6D7B1AE9CECF00BE12FE /* HLevel6.sks in Resources */ = {isa = PBXBuildFile; fileRef = FF4B6D751AE9CECF00BE12FE /* HLevel6.sks */; };
		FF4C71071A8D322800FB3622 /* 80x80_blue_ball.png in Resources */ = {isa = PBXBuildFile; fileRef = FF4C71011A8D322800FB3622 /* 80x80_blue_ball.png */; };
		FF4C71091A8D322800FB3622 /* 80x80_orange_ball.png in Resources */ = {isa = PBXBuildFile; fileRef = FF4C71031A8D322800FB3622 /* 80x80_orange_ball.png */; };
		FF4C710A1A8D322800FB3622 /* 80x80_red_ball.png in Resources */ = {isa = PBXBuildFile; fileRef = FF4C71041A8D322800FB3622 /* 80x80_red_ball.png */; };
		FF4C710B1A8D322800FB3622 /* 80x80_yellow_ball.png in Resources */ = {isa = PBXBuildFile; fileRef = FF4C71051A8D322800FB3622 /* 80x80_yellow_ball.png */; };
		FF5055391AEECAC400C1D73C /* locate.png in Resources */ = {isa = PBXBuildFile; fileRef = FF5055371AEECAC400C1D73C /* locate.png */; };
		FF50553A1AEECAC400C1D73C /* Omniball.png in Resources */ = {isa = PBXBuildFile; fileRef = FF5055381AEECAC400C1D73C /* Omniball.png */; };
		FF50553C1AEECB2400C1D73C /* arena3.sks in Resources */ = {isa = PBXBuildFile; fileRef = FF50553B1AEECB2400C1D73C /* arena3.sks */; };
		FF50A8C51AEF142A006AC0F1 /* 1.png in Resources */ = {isa = PBXBuildFile; fileRef = FF50A8C01AEF142A006AC0F1 /* 1.png */; };
		FF50A8C61AEF142A006AC0F1 /* 2.png in Resources */ = {isa = PBXBuildFile; fileRef = FF50A8C11AEF142A006AC0F1 /* 2.png */; };
		FF50A8C71AEF142A006AC0F1 /* 3.png in Resources */ = {isa = PBXBuildFile; fileRef = FF50A8C21AEF142A006AC0F1 /* 3.png */; };
		FF50A8C81AEF142A006AC0F1 /* OmniballScreen.png in Resources */ = {isa = PBXBuildFile; fileRef = FF50A8C31AEF142A006AC0F1 /* OmniballScreen.png */; };
		FF50A8C91AEF142A006AC0F1 /* Tutorial.png in Resources */ = {isa = PBXBuildFile; fileRef = FF50A8C41AEF142A006AC0F1 /* Tutorial.png */; };
		FF50A8CB1AEF147C006AC0F1 /* ChooseNumPlayer.png in Resources */ = {isa = PBXBuildFile; fileRef = FF50A8CA1AEF147C006AC0F1 /* ChooseNumPlayer.png */; };
		FF5301201A7D43A300F04937 /* GameScene.swift in Sources */ = {isa = PBXBuildFile; fileRef = FF53011F1A7D43A300F04937 /* GameScene.swift */; };
		FF6C10421A6572FB00A5C7D7 /* AppDelegate.swift in Sources */ = {isa = PBXBuildFile; fileRef = FF6C10411A6572FB00A5C7D7 /* AppDelegate.swift */; };
		FF6C10491A6572FB00A5C7D7 /* Images.xcassets in Resources */ = {isa = PBXBuildFile; fileRef = FF6C10481A6572FB00A5C7D7 /* Images.xcassets */; };
		FF6C104C1A6572FB00A5C7D7 /* LaunchScreen.xib in Resources */ = {isa = PBXBuildFile; fileRef = FF6C104A1A6572FB00A5C7D7 /* LaunchScreen.xib */; };
		FF6C10581A6572FC00A5C7D7 /* OmniBallTests.swift in Sources */ = {isa = PBXBuildFile; fileRef = FF6C10571A6572FC00A5C7D7 /* OmniBallTests.swift */; };
		FF6C106A1A65807500A5C7D7 /* MultipeerConnectivity.framework in Frameworks */ = {isa = PBXBuildFile; fileRef = FF6C10691A65807500A5C7D7 /* MultipeerConnectivity.framework */; };
		FF6C10871A670BED00A5C7D7 /* GameViewController.swift in Sources */ = {isa = PBXBuildFile; fileRef = FF6C10851A670BED00A5C7D7 /* GameViewController.swift */; };
		FFA0D60C1A8D4495000D1C37 /* GameOverScene.swift in Sources */ = {isa = PBXBuildFile; fileRef = FFA0D60B1A8D4495000D1C37 /* GameOverScene.swift */; };
		FFCF00041AB677BA006FAE44 /* 400x200_go.png in Resources */ = {isa = PBXBuildFile; fileRef = FFCF00001AB677BA006FAE44 /* 400x200_go.png */; };
		FFCF00051AB677BA006FAE44 /* 400x200_ready.png in Resources */ = {isa = PBXBuildFile; fileRef = FFCF00011AB677BA006FAE44 /* 400x200_ready.png */; };
		FFCF00061AB677BA006FAE44 /* blue_star_filled.png in Resources */ = {isa = PBXBuildFile; fileRef = FFCF00021AB677BA006FAE44 /* blue_star_filled.png */; };
		FFCF00071AB677BA006FAE44 /* blue_star.png in Resources */ = {isa = PBXBuildFile; fileRef = FFCF00031AB677BA006FAE44 /* blue_star.png */; };
		FFCFFFF91AAE16A3006FAE44 /* Level2.sks in Resources */ = {isa = PBXBuildFile; fileRef = FFCFFFF81AAE16A3006FAE44 /* Level2.sks */; };
		FFCFFFFB1AAE16B8006FAE44 /* Level3.sks in Resources */ = {isa = PBXBuildFile; fileRef = FFCFFFFA1AAE16B8006FAE44 /* Level3.sks */; };
		FFCFFFFD1AAE16D9006FAE44 /* Level4.sks in Resources */ = {isa = PBXBuildFile; fileRef = FFCFFFFC1AAE16D9006FAE44 /* Level4.sks */; };
		FFD7D8F21B4E05A600650B8B /* newMusic.mp3 in Resources */ = {isa = PBXBuildFile; fileRef = FFD7D8F11B4E05A600650B8B /* newMusic.mp3 */; };
		FFE557221AEAE4B200F2045A /* DifficultyController.swift in Sources */ = {isa = PBXBuildFile; fileRef = FFE557211AEAE4B200F2045A /* DifficultyController.swift */; };
/* End PBXBuildFile section */

/* Begin PBXContainerItemProxy section */
		FF6C10521A6572FC00A5C7D7 /* PBXContainerItemProxy */ = {
			isa = PBXContainerItemProxy;
			containerPortal = FF6C10341A6572FB00A5C7D7 /* Project object */;
			proxyType = 1;
			remoteGlobalIDString = FF6C103B1A6572FB00A5C7D7;
			remoteInfo = try;
		};
/* End PBXContainerItemProxy section */

/* Begin PBXFileReference section */
		11174ECC1AB28B20006013D7 /* 600x200_leaderboard.png */ = {isa = PBXFileReference; lastKnownFileType = image.png; path = 600x200_leaderboard.png; sourceTree = "<group>"; };
		11174ECE1AB299FB006013D7 /* LevelXScene.swift */ = {isa = PBXFileReference; fileEncoding = 4; lastKnownFileType = sourcecode.swift; path = LevelXScene.swift; sourceTree = "<group>"; };
		1124FB601AB216470060A1B2 /* TutorialOverScene.swift */ = {isa = PBXFileReference; fileEncoding = 4; lastKnownFileType = sourcecode.swift; path = TutorialOverScene.swift; sourceTree = "<group>"; };
		112D92101AB4887200FCF399 /* LevelViewController.swift */ = {isa = PBXFileReference; fileEncoding = 4; lastKnownFileType = sourcecode.swift; path = LevelViewController.swift; sourceTree = "<group>"; };
		112F126E1AC5D8DB008E65BF /* BodyHit01.wav */ = {isa = PBXFileReference; lastKnownFileType = audio.wav; path = BodyHit01.wav; sourceTree = "<group>"; };
		112F12701AC5DC13008E65BF /* Switch3.mp3 */ = {isa = PBXFileReference; lastKnownFileType = audio.mp3; path = Switch3.mp3; sourceTree = "<group>"; };
		112F12721AC5DDF6008E65BF /* What.mp3 */ = {isa = PBXFileReference; lastKnownFileType = audio.mp3; path = What.mp3; sourceTree = "<group>"; };
		112F12741AC5E684008E65BF /* Yeah.mp3 */ = {isa = PBXFileReference; lastKnownFileType = audio.mp3; path = Yeah.mp3; sourceTree = "<group>"; };
		112F12781AC5EA44008E65BF /* wall-mid.png */ = {isa = PBXFileReference; lastKnownFileType = image.png; path = "wall-mid.png"; sourceTree = "<group>"; };
		113063BF1ABB2B67006340AE /* ProtectionHalo.sks */ = {isa = PBXFileReference; lastKnownFileType = file.sks; path = ProtectionHalo.sks; sourceTree = "<group>"; };
		113063C01ABB2B67006340AE /* spark.png */ = {isa = PBXFileReference; lastKnownFileType = image.png; path = spark.png; sourceTree = "<group>"; };
		113329A21AB0C027008B46A2 /* LeaderBoardScene.swift */ = {isa = PBXFileReference; fileEncoding = 4; lastKnownFileType = sourcecode.swift; path = LeaderBoardScene.swift; sourceTree = "<group>"; };
		113329A61AB0CDA2008B46A2 /* ViewController.swift */ = {isa = PBXFileReference; fileEncoding = 4; lastKnownFileType = sourcecode.swift; path = ViewController.swift; sourceTree = "<group>"; };
		113329AA1AB0D0C9008B46A2 /* Tutorial.sks */ = {isa = PBXFileReference; lastKnownFileType = file.sks; path = Tutorial.sks; sourceTree = "<group>"; };
		113329AC1AB0D109008B46A2 /* TutorialScene.swift */ = {isa = PBXFileReference; fileEncoding = 4; lastKnownFileType = sourcecode.swift; path = TutorialScene.swift; sourceTree = "<group>"; };
		113329AE1AB0D5A2008B46A2 /* multiButton@2x.png */ = {isa = PBXFileReference; lastKnownFileType = image.png; path = "multiButton@2x.png"; sourceTree = "<group>"; };
		113329AF1AB0D5A2008B46A2 /* singleButton@2x.png */ = {isa = PBXFileReference; lastKnownFileType = image.png; path = "singleButton@2x.png"; sourceTree = "<group>"; };
		1161298A1AEFDEB500222B9F /* Battle.png */ = {isa = PBXFileReference; lastKnownFileType = image.png; path = Battle.png; sourceTree = "<group>"; };
		1161298B1AEFDEB500222B9F /* Pool.png */ = {isa = PBXFileReference; lastKnownFileType = image.png; path = Pool.png; sourceTree = "<group>"; };
		116A211B1AB727870025F4C9 /* 80x80_star_slot.png */ = {isa = PBXFileReference; lastKnownFileType = image.png; path = 80x80_star_slot.png; sourceTree = "<group>"; };
		118584A51AB0998C002622F8 /* 200x200_button_next.png */ = {isa = PBXFileReference; lastKnownFileType = image.png; path = 200x200_button_next.png; sourceTree = "<group>"; };
		118584A61AB0998C002622F8 /* 200x200_button_replay.png */ = {isa = PBXFileReference; lastKnownFileType = image.png; path = 200x200_button_replay.png; sourceTree = "<group>"; };
		118584A81AB0998C002622F8 /* 300x300_button_battle.png */ = {isa = PBXFileReference; lastKnownFileType = image.png; path = 300x300_button_battle.png; sourceTree = "<group>"; };
		118584A91AB0998C002622F8 /* 300x300_button_connect.png */ = {isa = PBXFileReference; lastKnownFileType = image.png; path = 300x300_button_connect.png; sourceTree = "<group>"; };
		118584AA1AB0998C002622F8 /* 700x200_you_lose.png */ = {isa = PBXFileReference; lastKnownFileType = image.png; path = 700x200_you_lose.png; sourceTree = "<group>"; };
		118584AB1AB0998C002622F8 /* 700x200_you_win.png */ = {isa = PBXFileReference; lastKnownFileType = image.png; path = 700x200_you_win.png; sourceTree = "<group>"; };
		118BB02B1AAF821B005B1718 /* LevelTraining.sks */ = {isa = PBXFileReference; lastKnownFileType = file.sks; path = LevelTraining.sks; sourceTree = "<group>"; };
		119C5AE21A9D1C0D002012AC /* WaitingForGameStartScene.swift */ = {isa = PBXFileReference; fileEncoding = 4; lastKnownFileType = sourcecode.swift; path = WaitingForGameStartScene.swift; sourceTree = "<group>"; };
		119DB08E1A9F7E390044F397 /* OmniBallUtil.swift */ = {isa = PBXFileReference; fileEncoding = 4; lastKnownFileType = sourcecode.swift; path = OmniBallUtil.swift; sourceTree = "<group>"; };
		119F18701AB7B751002A7EAA /* GameBattleScene.swift */ = {isa = PBXFileReference; fileEncoding = 4; lastKnownFileType = sourcecode.swift; path = GameBattleScene.swift; sourceTree = "<group>"; };
		11A2E32C1B6C82D400147CC7 /* Omniball Success.wav */ = {isa = PBXFileReference; lastKnownFileType = audio.wav; path = "Omniball Success.wav"; sourceTree = "<group>"; };
		11A57C631A9681C800C695E7 /* Player.swift */ = {isa = PBXFileReference; fileEncoding = 4; lastKnownFileType = sourcecode.swift; path = Player.swift; sourceTree = "<group>"; };
		11A57C651A96820F00C695E7 /* MyNodes.swift */ = {isa = PBXFileReference; fileEncoding = 4; lastKnownFileType = sourcecode.swift; path = MyNodes.swift; sourceTree = "<group>"; };
		11A57C671A96824500C695E7 /* OpponentNodes.swift */ = {isa = PBXFileReference; fileEncoding = 4; lastKnownFileType = sourcecode.swift; path = OpponentNodes.swift; sourceTree = "<group>"; };
		11A57C691A96871800C695E7 /* OpponentsWrapper.swift */ = {isa = PBXFileReference; fileEncoding = 4; lastKnownFileType = sourcecode.swift; path = OpponentsWrapper.swift; sourceTree = "<group>"; };
		11B79C4F1A9D8F8E0035D4E1 /* wall-thick.png */ = {isa = PBXFileReference; lastKnownFileType = image.png; path = "wall-thick.png"; sourceTree = "<group>"; };
		11BF7FC01AB1E190002C7371 /* 200x200_hole.png */ = {isa = PBXFileReference; lastKnownFileType = image.png; path = 200x200_hole.png; sourceTree = "<group>"; };
		11D844A01AC9C5360078B62B /* Electric Hit.mp3 */ = {isa = PBXFileReference; lastKnownFileType = audio.mp3; path = "Electric Hit.mp3"; sourceTree = "<group>"; };
		11D844A21AC9CD2E0078B62B /* Electric Hit 02.mp3 */ = {isa = PBXFileReference; lastKnownFileType = audio.mp3; path = "Electric Hit 02.mp3"; sourceTree = "<group>"; };
		11D844A41ACC3C330078B62B /* 100x100_icon_rank.png */ = {isa = PBXFileReference; lastKnownFileType = image.png; path = 100x100_icon_rank.png; sourceTree = "<group>"; };
		11DCA0371AE548E900BF5766 /* cross.png */ = {isa = PBXFileReference; lastKnownFileType = image.png; path = cross.png; sourceTree = "<group>"; };
		11DCA0391AE5860C00BF5766 /* catch_star.mp3 */ = {isa = PBXFileReference; lastKnownFileType = audio.mp3; path = catch_star.mp3; sourceTree = "<group>"; };
		11DCA03A1AE5860C00BF5766 /* collision.mp3 */ = {isa = PBXFileReference; lastKnownFileType = audio.mp3; path = collision.mp3; sourceTree = "<group>"; };
		11DCA03B1AE5860C00BF5766 /* lose_star.mp3 */ = {isa = PBXFileReference; lastKnownFileType = audio.mp3; path = lose_star.mp3; sourceTree = "<group>"; };
		11DCA03C1AE5860C00BF5766 /* score_star.mp3 */ = {isa = PBXFileReference; lastKnownFileType = audio.mp3; path = score_star.mp3; sourceTree = "<group>"; };
		11DCA0411AE730CC00BF5766 /* PoolArena.sks */ = {isa = PBXFileReference; lastKnownFileType = file.sks; path = PoolArena.sks; sourceTree = "<group>"; };
		11DCA0431AE7315800BF5766 /* GamePoolScene.swift */ = {isa = PBXFileReference; fileEncoding = 4; lastKnownFileType = sourcecode.swift; path = GamePoolScene.swift; sourceTree = "<group>"; };
		11ED25B11AD31436002803EC /* Base */ = {isa = PBXFileReference; lastKnownFileType = file.storyboard; name = Base; path = Base.lproj/Main.storyboard; sourceTree = "<group>"; };
		11F828A51AB527E800E25D3F /* InstructionScene.swift */ = {isa = PBXFileReference; fileEncoding = 4; lastKnownFileType = sourcecode.swift; path = InstructionScene.swift; sourceTree = "<group>"; };
		11F828A91AB5E2B400E25D3F /* GameLevelScene.swift */ = {isa = PBXFileReference; fileEncoding = 4; lastKnownFileType = sourcecode.swift; path = GameLevelScene.swift; sourceTree = "<group>"; };
		3C8530E01A8BE20300FFD14C /* GameScene.sks */ = {isa = PBXFileReference; lastKnownFileType = file.sks; path = GameScene.sks; sourceTree = "<group>"; };
		66C206F71A6CA9BE00F4782C /* ConnectionManager.swift */ = {isa = PBXFileReference; fileEncoding = 4; lastKnownFileType = sourcecode.swift; path = ConnectionManager.swift; sourceTree = "<group>"; };
		66C206F91A6EF6B700F4782C /* circle.png */ = {isa = PBXFileReference; lastKnownFileType = image.png; path = circle.png; sourceTree = "<group>"; };
		66D5BDF61A79BF2000A34A42 /* Message.swift */ = {isa = PBXFileReference; fileEncoding = 4; lastKnownFileType = sourcecode.swift; name = Message.swift; path = ../Message.swift; sourceTree = "<group>"; };
		66F8667C1A6F0B72007EE9FF /* CGFloat+Extensions.swift */ = {isa = PBXFileReference; fileEncoding = 4; lastKnownFileType = sourcecode.swift; path = "CGFloat+Extensions.swift"; sourceTree = "<group>"; };
		66F8667D1A6F0B72007EE9FF /* CGPoint+Extensions.swift */ = {isa = PBXFileReference; fileEncoding = 4; lastKnownFileType = sourcecode.swift; path = "CGPoint+Extensions.swift"; sourceTree = "<group>"; };
		66F8667E1A6F0B72007EE9FF /* CGVector+Extensions.swift */ = {isa = PBXFileReference; fileEncoding = 4; lastKnownFileType = sourcecode.swift; path = "CGVector+Extensions.swift"; sourceTree = "<group>"; };
		66F8667F1A6F0B72007EE9FF /* Int+Extensions.swift */ = {isa = PBXFileReference; fileEncoding = 4; lastKnownFileType = sourcecode.swift; path = "Int+Extensions.swift"; sourceTree = "<group>"; };
		66F866801A6F0B72007EE9FF /* SKAction+Extensions.swift */ = {isa = PBXFileReference; fileEncoding = 4; lastKnownFileType = sourcecode.swift; path = "SKAction+Extensions.swift"; sourceTree = "<group>"; };
		66F866811A6F0B72007EE9FF /* SKAction+SpecialEffects.swift */ = {isa = PBXFileReference; fileEncoding = 4; lastKnownFileType = sourcecode.swift; path = "SKAction+SpecialEffects.swift"; sourceTree = "<group>"; };
		66F866821A6F0B72007EE9FF /* SKColor+Extensions.swift */ = {isa = PBXFileReference; fileEncoding = 4; lastKnownFileType = sourcecode.swift; path = "SKColor+Extensions.swift"; sourceTree = "<group>"; };
		66F866831A6F0B72007EE9FF /* SKNode+Extensions.swift */ = {isa = PBXFileReference; fileEncoding = 4; lastKnownFileType = sourcecode.swift; path = "SKNode+Extensions.swift"; sourceTree = "<group>"; };
		66F866841A6F0B72007EE9FF /* SKTAudio.swift */ = {isa = PBXFileReference; fileEncoding = 4; lastKnownFileType = sourcecode.swift; path = SKTAudio.swift; sourceTree = "<group>"; };
		66F866851A6F0B72007EE9FF /* SKTEffects.swift */ = {isa = PBXFileReference; fileEncoding = 4; lastKnownFileType = sourcecode.swift; path = SKTEffects.swift; sourceTree = "<group>"; };
		66F866861A6F0B72007EE9FF /* SKTTimingFunctions.swift */ = {isa = PBXFileReference; fileEncoding = 4; lastKnownFileType = sourcecode.swift; path = SKTTimingFunctions.swift; sourceTree = "<group>"; };
		66F866871A6F0B72007EE9FF /* Vector3.swift */ = {isa = PBXFileReference; fileEncoding = 4; lastKnownFileType = sourcecode.swift; path = Vector3.swift; sourceTree = "<group>"; };
		FF0DCA8F1AE6A16B003EC278 /* blue_aster.png */ = {isa = PBXFileReference; lastKnownFileType = image.png; path = blue_aster.png; sourceTree = "<group>"; };
		FF0DCA901AE6A16B003EC278 /* blue_ball.png */ = {isa = PBXFileReference; lastKnownFileType = image.png; path = blue_ball.png; sourceTree = "<group>"; };
		FF0DCA911AE6A16B003EC278 /* blue_circle.png */ = {isa = PBXFileReference; lastKnownFileType = image.png; path = blue_circle.png; sourceTree = "<group>"; };
		FF0DCA921AE6A16B003EC278 /* exit.png */ = {isa = PBXFileReference; lastKnownFileType = image.png; path = exit.png; sourceTree = "<group>"; };
		FF0DCA931AE6A16B003EC278 /* green_aster.png */ = {isa = PBXFileReference; lastKnownFileType = image.png; path = green_aster.png; sourceTree = "<group>"; };
		FF0DCA941AE6A16B003EC278 /* green_ball.png */ = {isa = PBXFileReference; lastKnownFileType = image.png; path = green_ball.png; sourceTree = "<group>"; };
		FF0DCA951AE6A16B003EC278 /* green_circle.png */ = {isa = PBXFileReference; lastKnownFileType = image.png; path = green_circle.png; sourceTree = "<group>"; };
		FF0DCA961AE6A16B003EC278 /* green_star.png */ = {isa = PBXFileReference; lastKnownFileType = image.png; path = green_star.png; sourceTree = "<group>"; };
		FF0DCA971AE6A16B003EC278 /* red_aster.png */ = {isa = PBXFileReference; lastKnownFileType = image.png; path = red_aster.png; sourceTree = "<group>"; };
		FF0DCA981AE6A16B003EC278 /* red_ball.png */ = {isa = PBXFileReference; lastKnownFileType = image.png; path = red_ball.png; sourceTree = "<group>"; };
		FF0DCA991AE6A16B003EC278 /* red_circle.png */ = {isa = PBXFileReference; lastKnownFileType = image.png; path = red_circle.png; sourceTree = "<group>"; };
		FF0DCA9A1AE6A16B003EC278 /* red_star.png */ = {isa = PBXFileReference; lastKnownFileType = image.png; path = red_star.png; sourceTree = "<group>"; };
		FF0DCA9B1AE6A16B003EC278 /* staro.png */ = {isa = PBXFileReference; lastKnownFileType = image.png; path = staro.png; sourceTree = "<group>"; };
		FF0DCA9C1AE6A16B003EC278 /* wall-thin.png */ = {isa = PBXFileReference; lastKnownFileType = image.png; path = "wall-thin.png"; sourceTree = "<group>"; };
		FF2086431AC9C65B00F09DB7 /* MinimapController.swift */ = {isa = PBXFileReference; fileEncoding = 4; lastKnownFileType = sourcecode.swift; path = MinimapController.swift; sourceTree = "<group>"; };
		FF2086471ACC797800F09DB7 /* map.png */ = {isa = PBXFileReference; lastKnownFileType = image.png; path = map.png; sourceTree = "<group>"; };
		FF2086481ACC797800F09DB7 /* maze.png */ = {isa = PBXFileReference; lastKnownFileType = image.png; path = maze.png; sourceTree = "<group>"; };
		FF2086491ACC797800F09DB7 /* mini-map-0.png */ = {isa = PBXFileReference; lastKnownFileType = image.png; path = "mini-map-0.png"; sourceTree = "<group>"; };
		FF20864A1ACC797800F09DB7 /* mini-map-1.png */ = {isa = PBXFileReference; lastKnownFileType = image.png; path = "mini-map-1.png"; sourceTree = "<group>"; };
		FF20864B1ACC797800F09DB7 /* mini-map-2.png */ = {isa = PBXFileReference; lastKnownFileType = image.png; path = "mini-map-2.png"; sourceTree = "<group>"; };
		FF20864C1ACC797800F09DB7 /* mini-map-3.png */ = {isa = PBXFileReference; lastKnownFileType = image.png; path = "mini-map-3.png"; sourceTree = "<group>"; };
		FF20864D1ACC797800F09DB7 /* mini-map-4.png */ = {isa = PBXFileReference; lastKnownFileType = image.png; path = "mini-map-4.png"; sourceTree = "<group>"; };
		FF2086551ACC799800F09DB7 /* back-button.png */ = {isa = PBXFileReference; lastKnownFileType = image.png; path = "back-button.png"; sourceTree = "<group>"; };
		FF2DC1C51AC88103008C6C02 /* 300x300_button_battle_0.png */ = {isa = PBXFileReference; lastKnownFileType = image.png; path = 300x300_button_battle_0.png; sourceTree = "<group>"; };
		FF32B2DA1B5F854900B43751 /* activate.wav */ = {isa = PBXFileReference; lastKnownFileType = audio.wav; name = activate.wav; path = Music/activate.wav; sourceTree = SOURCE_ROOT; };
		FF32B2DB1B5F854900B43751 /* arena.mp3 */ = {isa = PBXFileReference; lastKnownFileType = audio.mp3; name = arena.mp3; path = Music/arena.mp3; sourceTree = SOURCE_ROOT; };
		FF32B2DC1B5F854900B43751 /* collide.wav */ = {isa = PBXFileReference; lastKnownFileType = audio.wav; name = collide.wav; path = Music/collide.wav; sourceTree = SOURCE_ROOT; };
		FF32B2DD1B5F854900B43751 /* lobby.wav */ = {isa = PBXFileReference; lastKnownFileType = audio.wav; name = lobby.wav; path = Music/lobby.wav; sourceTree = SOURCE_ROOT; };
		FF32B2DE1B5F854900B43751 /* maze.wav */ = {isa = PBXFileReference; lastKnownFileType = audio.wav; name = maze.wav; path = Music/maze.wav; sourceTree = SOURCE_ROOT; };
		FF32B2DF1B5F854900B43751 /* pool.mp3 */ = {isa = PBXFileReference; lastKnownFileType = audio.mp3; name = pool.mp3; path = Music/pool.mp3; sourceTree = SOURCE_ROOT; };
		FF3CE8EF1AE5519F0035CC75 /* connect.png */ = {isa = PBXFileReference; lastKnownFileType = image.png; path = connect.png; sourceTree = "<group>"; };
		FF3CE8F01AE5519F0035CC75 /* play.png */ = {isa = PBXFileReference; lastKnownFileType = image.png; path = play.png; sourceTree = "<group>"; };
		FF3CE8F11AE5519F0035CC75 /* playc.png */ = {isa = PBXFileReference; lastKnownFileType = image.png; path = playc.png; sourceTree = "<group>"; };
		FF3CE8F51AE573D70035CC75 /* Flynn.mp3 */ = {isa = PBXFileReference; lastKnownFileType = audio.mp3; name = Flynn.mp3; path = Music/Flynn.mp3; sourceTree = SOURCE_ROOT; };
		FF4B6D541AE9409600BE12FE /* arena_easy.png */ = {isa = PBXFileReference; lastKnownFileType = image.png; path = arena_easy.png; sourceTree = "<group>"; };
		FF4B6D551AE9409600BE12FE /* arena_hard.png */ = {isa = PBXFileReference; lastKnownFileType = image.png; path = arena_hard.png; sourceTree = "<group>"; };
		FF4B6D561AE9409600BE12FE /* arena.png */ = {isa = PBXFileReference; lastKnownFileType = image.png; path = arena.png; sourceTree = "<group>"; };
		FF4B6D571AE9409600BE12FE /* backbtn.png */ = {isa = PBXFileReference; lastKnownFileType = image.png; path = backbtn.png; sourceTree = "<group>"; };
		FF4B6D581AE9409600BE12FE /* connectbtn.png */ = {isa = PBXFileReference; lastKnownFileType = image.png; path = connectbtn.png; sourceTree = "<group>"; };
		FF4B6D591AE9409600BE12FE /* exitbtn.png */ = {isa = PBXFileReference; lastKnownFileType = image.png; path = exitbtn.png; sourceTree = "<group>"; };
		FF4B6D5A1AE9409600BE12FE /* maze_easy.png */ = {isa = PBXFileReference; lastKnownFileType = image.png; path = maze_easy.png; sourceTree = "<group>"; };
		FF4B6D5B1AE9409600BE12FE /* maze_hard.png */ = {isa = PBXFileReference; lastKnownFileType = image.png; path = maze_hard.png; sourceTree = "<group>"; };
		FF4B6D5C1AE9409600BE12FE /* mazebtn.png */ = {isa = PBXFileReference; lastKnownFileType = image.png; path = mazebtn.png; sourceTree = "<group>"; };
		FF4B6D5D1AE9409600BE12FE /* playbtn.png */ = {isa = PBXFileReference; lastKnownFileType = image.png; path = playbtn.png; sourceTree = "<group>"; };
		FF4B6D5E1AE9409600BE12FE /* playericon.png */ = {isa = PBXFileReference; lastKnownFileType = image.png; path = playericon.png; sourceTree = "<group>"; };
		FF4B6D5F1AE9409600BE12FE /* tutorialbtn.png */ = {isa = PBXFileReference; lastKnownFileType = image.png; path = tutorialbtn.png; sourceTree = "<group>"; };
		FF4B6D6C1AE9C84300BE12FE /* ArenaDifficultyController.swift */ = {isa = PBXFileReference; fileEncoding = 4; lastKnownFileType = sourcecode.swift; path = ArenaDifficultyController.swift; sourceTree = "<group>"; };
		FF4B6D6E1AE9CD1C00BE12FE /* MazeDifficultyController.swift */ = {isa = PBXFileReference; fileEncoding = 4; lastKnownFileType = sourcecode.swift; path = MazeDifficultyController.swift; sourceTree = "<group>"; };
		FF4B6D701AE9CECF00BE12FE /* HLevel1.sks */ = {isa = PBXFileReference; lastKnownFileType = file.sks; name = HLevel1.sks; path = Maps/HLevel1.sks; sourceTree = SOURCE_ROOT; };
		FF4B6D711AE9CECF00BE12FE /* HLevel2.sks */ = {isa = PBXFileReference; lastKnownFileType = file.sks; name = HLevel2.sks; path = Maps/HLevel2.sks; sourceTree = SOURCE_ROOT; };
		FF4B6D721AE9CECF00BE12FE /* HLevel3.sks */ = {isa = PBXFileReference; lastKnownFileType = file.sks; name = HLevel3.sks; path = Maps/HLevel3.sks; sourceTree = SOURCE_ROOT; };
		FF4B6D731AE9CECF00BE12FE /* HLevel4.sks */ = {isa = PBXFileReference; lastKnownFileType = file.sks; name = HLevel4.sks; path = Maps/HLevel4.sks; sourceTree = SOURCE_ROOT; };
		FF4B6D741AE9CECF00BE12FE /* HLevel5.sks */ = {isa = PBXFileReference; lastKnownFileType = file.sks; name = HLevel5.sks; path = Maps/HLevel5.sks; sourceTree = SOURCE_ROOT; };
		FF4B6D751AE9CECF00BE12FE /* HLevel6.sks */ = {isa = PBXFileReference; lastKnownFileType = file.sks; name = HLevel6.sks; path = Maps/HLevel6.sks; sourceTree = SOURCE_ROOT; };
		FF4C71011A8D322800FB3622 /* 80x80_blue_ball.png */ = {isa = PBXFileReference; lastKnownFileType = image.png; path = 80x80_blue_ball.png; sourceTree = "<group>"; };
		FF4C71031A8D322800FB3622 /* 80x80_orange_ball.png */ = {isa = PBXFileReference; lastKnownFileType = image.png; path = 80x80_orange_ball.png; sourceTree = "<group>"; };
		FF4C71041A8D322800FB3622 /* 80x80_red_ball.png */ = {isa = PBXFileReference; lastKnownFileType = image.png; path = 80x80_red_ball.png; sourceTree = "<group>"; };
		FF4C71051A8D322800FB3622 /* 80x80_yellow_ball.png */ = {isa = PBXFileReference; lastKnownFileType = image.png; path = 80x80_yellow_ball.png; sourceTree = "<group>"; };
		FF5055371AEECAC400C1D73C /* locate.png */ = {isa = PBXFileReference; lastKnownFileType = image.png; path = locate.png; sourceTree = "<group>"; };
		FF5055381AEECAC400C1D73C /* Omniball.png */ = {isa = PBXFileReference; lastKnownFileType = image.png; path = Omniball.png; sourceTree = "<group>"; };
		FF50553B1AEECB2400C1D73C /* arena3.sks */ = {isa = PBXFileReference; lastKnownFileType = file.sks; name = arena3.sks; path = Maps/arena3.sks; sourceTree = SOURCE_ROOT; };
		FF50A8C01AEF142A006AC0F1 /* 1.png */ = {isa = PBXFileReference; lastKnownFileType = image.png; path = 1.png; sourceTree = "<group>"; };
		FF50A8C11AEF142A006AC0F1 /* 2.png */ = {isa = PBXFileReference; lastKnownFileType = image.png; path = 2.png; sourceTree = "<group>"; };
		FF50A8C21AEF142A006AC0F1 /* 3.png */ = {isa = PBXFileReference; lastKnownFileType = image.png; path = 3.png; sourceTree = "<group>"; };
		FF50A8C31AEF142A006AC0F1 /* OmniballScreen.png */ = {isa = PBXFileReference; lastKnownFileType = image.png; path = OmniballScreen.png; sourceTree = "<group>"; };
		FF50A8C41AEF142A006AC0F1 /* Tutorial.png */ = {isa = PBXFileReference; lastKnownFileType = image.png; path = Tutorial.png; sourceTree = "<group>"; };
		FF50A8CA1AEF147C006AC0F1 /* ChooseNumPlayer.png */ = {isa = PBXFileReference; lastKnownFileType = image.png; path = ChooseNumPlayer.png; sourceTree = "<group>"; };
		FF53011F1A7D43A300F04937 /* GameScene.swift */ = {isa = PBXFileReference; fileEncoding = 4; lastKnownFileType = sourcecode.swift; path = GameScene.swift; sourceTree = "<group>"; };
		FF6C103C1A6572FB00A5C7D7 /* OmniBall.app */ = {isa = PBXFileReference; explicitFileType = wrapper.application; includeInIndex = 0; path = OmniBall.app; sourceTree = BUILT_PRODUCTS_DIR; };
		FF6C10401A6572FB00A5C7D7 /* Info.plist */ = {isa = PBXFileReference; lastKnownFileType = text.plist.xml; path = Info.plist; sourceTree = "<group>"; };
		FF6C10411A6572FB00A5C7D7 /* AppDelegate.swift */ = {isa = PBXFileReference; lastKnownFileType = sourcecode.swift; path = AppDelegate.swift; sourceTree = "<group>"; };
		FF6C10481A6572FB00A5C7D7 /* Images.xcassets */ = {isa = PBXFileReference; lastKnownFileType = folder.assetcatalog; path = Images.xcassets; sourceTree = "<group>"; };
		FF6C104B1A6572FB00A5C7D7 /* Base */ = {isa = PBXFileReference; lastKnownFileType = file.xib; name = Base; path = Base.lproj/LaunchScreen.xib; sourceTree = "<group>"; };
		FF6C10511A6572FC00A5C7D7 /* OmniBallTests.xctest */ = {isa = PBXFileReference; explicitFileType = wrapper.cfbundle; includeInIndex = 0; path = OmniBallTests.xctest; sourceTree = BUILT_PRODUCTS_DIR; };
		FF6C10561A6572FC00A5C7D7 /* Info.plist */ = {isa = PBXFileReference; lastKnownFileType = text.plist.xml; path = Info.plist; sourceTree = "<group>"; };
		FF6C10571A6572FC00A5C7D7 /* OmniBallTests.swift */ = {isa = PBXFileReference; lastKnownFileType = sourcecode.swift; path = OmniBallTests.swift; sourceTree = "<group>"; };
		FF6C10691A65807500A5C7D7 /* MultipeerConnectivity.framework */ = {isa = PBXFileReference; lastKnownFileType = wrapper.framework; name = MultipeerConnectivity.framework; path = System/Library/Frameworks/MultipeerConnectivity.framework; sourceTree = SDKROOT; };
		FF6C10851A670BED00A5C7D7 /* GameViewController.swift */ = {isa = PBXFileReference; fileEncoding = 4; lastKnownFileType = sourcecode.swift; path = GameViewController.swift; sourceTree = "<group>"; };
		FFA0D60B1A8D4495000D1C37 /* GameOverScene.swift */ = {isa = PBXFileReference; fileEncoding = 4; lastKnownFileType = sourcecode.swift; path = GameOverScene.swift; sourceTree = "<group>"; };
		FFCF00001AB677BA006FAE44 /* 400x200_go.png */ = {isa = PBXFileReference; lastKnownFileType = image.png; path = 400x200_go.png; sourceTree = "<group>"; };
		FFCF00011AB677BA006FAE44 /* 400x200_ready.png */ = {isa = PBXFileReference; lastKnownFileType = image.png; path = 400x200_ready.png; sourceTree = "<group>"; };
		FFCF00021AB677BA006FAE44 /* blue_star_filled.png */ = {isa = PBXFileReference; lastKnownFileType = image.png; path = blue_star_filled.png; sourceTree = "<group>"; };
		FFCF00031AB677BA006FAE44 /* blue_star.png */ = {isa = PBXFileReference; lastKnownFileType = image.png; path = blue_star.png; sourceTree = "<group>"; };
		FFCFFFF61AAE1683006FAE44 /* Level1.sks */ = {isa = PBXFileReference; lastKnownFileType = file.sks; name = Level1.sks; path = ../Maps/Level1.sks; sourceTree = "<group>"; };
		FFCFFFF81AAE16A3006FAE44 /* Level2.sks */ = {isa = PBXFileReference; lastKnownFileType = file.sks; name = Level2.sks; path = ../Maps/Level2.sks; sourceTree = "<group>"; };
		FFCFFFFA1AAE16B8006FAE44 /* Level3.sks */ = {isa = PBXFileReference; lastKnownFileType = file.sks; name = Level3.sks; path = ../Maps/Level3.sks; sourceTree = "<group>"; };
		FFCFFFFC1AAE16D9006FAE44 /* Level4.sks */ = {isa = PBXFileReference; lastKnownFileType = file.sks; name = Level4.sks; path = ../Maps/Level4.sks; sourceTree = "<group>"; };
		FFD7D8F11B4E05A600650B8B /* newMusic.mp3 */ = {isa = PBXFileReference; lastKnownFileType = audio.mp3; name = newMusic.mp3; path = Music/newMusic.mp3; sourceTree = SOURCE_ROOT; };
		FFE557211AEAE4B200F2045A /* DifficultyController.swift */ = {isa = PBXFileReference; fileEncoding = 4; lastKnownFileType = sourcecode.swift; path = DifficultyController.swift; sourceTree = "<group>"; };
/* End PBXFileReference section */

/* Begin PBXFrameworksBuildPhase section */
		FF6C10391A6572FB00A5C7D7 /* Frameworks */ = {
			isa = PBXFrameworksBuildPhase;
			buildActionMask = 2147483647;
			files = (
				FF6C106A1A65807500A5C7D7 /* MultipeerConnectivity.framework in Frameworks */,
			);
			runOnlyForDeploymentPostprocessing = 0;
		};
		FF6C104E1A6572FC00A5C7D7 /* Frameworks */ = {
			isa = PBXFrameworksBuildPhase;
			buildActionMask = 2147483647;
			files = (
			);
			runOnlyForDeploymentPostprocessing = 0;
		};
/* End PBXFrameworksBuildPhase section */

/* Begin PBXGroup section */
		112F126D1AC5D761008E65BF /* Sounds */ = {
			isa = PBXGroup;
			children = (
				FF32B2DA1B5F854900B43751 /* activate.wav */,
				FF32B2DB1B5F854900B43751 /* arena.mp3 */,
				FF32B2DC1B5F854900B43751 /* collide.wav */,
				FF32B2DD1B5F854900B43751 /* lobby.wav */,
				FF32B2DE1B5F854900B43751 /* maze.wav */,
				FF32B2DF1B5F854900B43751 /* pool.mp3 */,
				11A2E32C1B6C82D400147CC7 /* Omniball Success.wav */,
				FFD7D8F11B4E05A600650B8B /* newMusic.mp3 */,
				FF3CE8F51AE573D70035CC75 /* Flynn.mp3 */,
				11DCA0391AE5860C00BF5766 /* catch_star.mp3 */,
				11DCA03A1AE5860C00BF5766 /* collision.mp3 */,
				11DCA03B1AE5860C00BF5766 /* lose_star.mp3 */,
				11DCA03C1AE5860C00BF5766 /* score_star.mp3 */,
				11D844A01AC9C5360078B62B /* Electric Hit.mp3 */,
				112F12721AC5DDF6008E65BF /* What.mp3 */,
				112F12741AC5E684008E65BF /* Yeah.mp3 */,
				112F12701AC5DC13008E65BF /* Switch3.mp3 */,
				11D844A21AC9CD2E0078B62B /* Electric Hit 02.mp3 */,
				112F126E1AC5D8DB008E65BF /* BodyHit01.wav */,
			);
			name = Sounds;
			sourceTree = "<group>";
		};
		115403151AAFC9ED000B2BA2 /* Scenes */ = {
			isa = PBXGroup;
			children = (
				119C5AE21A9D1C0D002012AC /* WaitingForGameStartScene.swift */,
				FF53011F1A7D43A300F04937 /* GameScene.swift */,
				119F18701AB7B751002A7EAA /* GameBattleScene.swift */,
				11F828A91AB5E2B400E25D3F /* GameLevelScene.swift */,
				11DCA0431AE7315800BF5766 /* GamePoolScene.swift */,
				FFA0D60B1A8D4495000D1C37 /* GameOverScene.swift */,
				113329A21AB0C027008B46A2 /* LeaderBoardScene.swift */,
				113329AC1AB0D109008B46A2 /* TutorialScene.swift */,
				1124FB601AB216470060A1B2 /* TutorialOverScene.swift */,
				11174ECE1AB299FB006013D7 /* LevelXScene.swift */,
				11F828A51AB527E800E25D3F /* InstructionScene.swift */,
			);
			name = Scenes;
			sourceTree = "<group>";
		};
		118BB02D1AAF8625005B1718 /* Maps */ = {
			isa = PBXGroup;
			children = (
				FF50553B1AEECB2400C1D73C /* arena3.sks */,
				FF4B6D701AE9CECF00BE12FE /* HLevel1.sks */,
				FF4B6D711AE9CECF00BE12FE /* HLevel2.sks */,
				FF4B6D721AE9CECF00BE12FE /* HLevel3.sks */,
				FF4B6D731AE9CECF00BE12FE /* HLevel4.sks */,
				FF4B6D741AE9CECF00BE12FE /* HLevel5.sks */,
				FF4B6D751AE9CECF00BE12FE /* HLevel6.sks */,
				11DCA0411AE730CC00BF5766 /* PoolArena.sks */,
				113329AA1AB0D0C9008B46A2 /* Tutorial.sks */,
				118BB02B1AAF821B005B1718 /* LevelTraining.sks */,
				FFCFFFFC1AAE16D9006FAE44 /* Level4.sks */,
				FFCFFFFA1AAE16B8006FAE44 /* Level3.sks */,
				FFCFFFF81AAE16A3006FAE44 /* Level2.sks */,
				FFCFFFF61AAE1683006FAE44 /* Level1.sks */,
			);
			name = Maps;
			sourceTree = "<group>";
		};
		119AF3CE1AB1463700CD5C3C /* Controller */ = {
			isa = PBXGroup;
			children = (
				FF6C10851A670BED00A5C7D7 /* GameViewController.swift */,
				113329A61AB0CDA2008B46A2 /* ViewController.swift */,
				112D92101AB4887200FCF399 /* LevelViewController.swift */,
				FF2086431AC9C65B00F09DB7 /* MinimapController.swift */,
				FF4B6D6C1AE9C84300BE12FE /* ArenaDifficultyController.swift */,
				FF4B6D6E1AE9CD1C00BE12FE /* MazeDifficultyController.swift */,
				FFE557211AEAE4B200F2045A /* DifficultyController.swift */,
			);
			name = Controller;
			sourceTree = "<group>";
		};
		119AF3CF1AB1466700CD5C3C /* OmniBallUtil */ = {
			isa = PBXGroup;
			children = (
				66D5BDF61A79BF2000A34A42 /* Message.swift */,
				119DB08E1A9F7E390044F397 /* OmniBallUtil.swift */,
				113063BF1ABB2B67006340AE /* ProtectionHalo.sks */,
				113063C01ABB2B67006340AE /* spark.png */,
			);
			name = OmniBallUtil;
			sourceTree = "<group>";
		};
		11A57C621A9681A000C695E7 /* Entities */ = {
			isa = PBXGroup;
			children = (
				11A57C631A9681C800C695E7 /* Player.swift */,
				11A57C651A96820F00C695E7 /* MyNodes.swift */,
				11A57C671A96824500C695E7 /* OpponentNodes.swift */,
				11A57C691A96871800C695E7 /* OpponentsWrapper.swift */,
			);
			name = Entities;
			sourceTree = "<group>";
		};
		66D5BDF51A79BEC200A34A42 /* images */ = {
			isa = PBXGroup;
			children = (
				FF50A8CA1AEF147C006AC0F1 /* ChooseNumPlayer.png */,
				1161298A1AEFDEB500222B9F /* Battle.png */,
				1161298B1AEFDEB500222B9F /* Pool.png */,
				FF50A8C01AEF142A006AC0F1 /* 1.png */,
				FF50A8C11AEF142A006AC0F1 /* 2.png */,
				FF50A8C21AEF142A006AC0F1 /* 3.png */,
				FF50A8C31AEF142A006AC0F1 /* OmniballScreen.png */,
				FF50A8C41AEF142A006AC0F1 /* Tutorial.png */,
				FF5055371AEECAC400C1D73C /* locate.png */,
				FF5055381AEECAC400C1D73C /* Omniball.png */,
				FF4B6D541AE9409600BE12FE /* arena_easy.png */,
				FF4B6D551AE9409600BE12FE /* arena_hard.png */,
				FF4B6D561AE9409600BE12FE /* arena.png */,
				FF4B6D571AE9409600BE12FE /* backbtn.png */,
				FF4B6D581AE9409600BE12FE /* connectbtn.png */,
				FF4B6D591AE9409600BE12FE /* exitbtn.png */,
				FF4B6D5A1AE9409600BE12FE /* maze_easy.png */,
				FF4B6D5B1AE9409600BE12FE /* maze_hard.png */,
				FF4B6D5C1AE9409600BE12FE /* mazebtn.png */,
				FF4B6D5D1AE9409600BE12FE /* playbtn.png */,
				FF4B6D5E1AE9409600BE12FE /* playericon.png */,
				FF4B6D5F1AE9409600BE12FE /* tutorialbtn.png */,
				FF0DCA8F1AE6A16B003EC278 /* blue_aster.png */,
				FF0DCA901AE6A16B003EC278 /* blue_ball.png */,
				FF0DCA911AE6A16B003EC278 /* blue_circle.png */,
				FF0DCA921AE6A16B003EC278 /* exit.png */,
				FF0DCA931AE6A16B003EC278 /* green_aster.png */,
				FF0DCA941AE6A16B003EC278 /* green_ball.png */,
				FF0DCA951AE6A16B003EC278 /* green_circle.png */,
				FF0DCA961AE6A16B003EC278 /* green_star.png */,
				FF0DCA971AE6A16B003EC278 /* red_aster.png */,
				FF0DCA981AE6A16B003EC278 /* red_ball.png */,
				FF0DCA991AE6A16B003EC278 /* red_circle.png */,
				FF0DCA9A1AE6A16B003EC278 /* red_star.png */,
				FF0DCA9B1AE6A16B003EC278 /* staro.png */,
				FF0DCA9C1AE6A16B003EC278 /* wall-thin.png */,
				FF3CE8EF1AE5519F0035CC75 /* connect.png */,
				FF3CE8F01AE5519F0035CC75 /* play.png */,
				FF3CE8F11AE5519F0035CC75 /* playc.png */,
				11D844A41ACC3C330078B62B /* 100x100_icon_rank.png */,
				FF2086551ACC799800F09DB7 /* back-button.png */,
				11DCA0371AE548E900BF5766 /* cross.png */,
				FF2086471ACC797800F09DB7 /* map.png */,
				FF2086481ACC797800F09DB7 /* maze.png */,
				FF2086491ACC797800F09DB7 /* mini-map-0.png */,
				FF20864A1ACC797800F09DB7 /* mini-map-1.png */,
				FF20864B1ACC797800F09DB7 /* mini-map-2.png */,
				FF20864C1ACC797800F09DB7 /* mini-map-3.png */,
				FF20864D1ACC797800F09DB7 /* mini-map-4.png */,
				FF2DC1C51AC88103008C6C02 /* 300x300_button_battle_0.png */,
				112F12781AC5EA44008E65BF /* wall-mid.png */,
				116A211B1AB727870025F4C9 /* 80x80_star_slot.png */,
				FFCF00001AB677BA006FAE44 /* 400x200_go.png */,
				FFCF00011AB677BA006FAE44 /* 400x200_ready.png */,
				FFCF00021AB677BA006FAE44 /* blue_star_filled.png */,
				FFCF00031AB677BA006FAE44 /* blue_star.png */,
				113329AE1AB0D5A2008B46A2 /* multiButton@2x.png */,
				11174ECC1AB28B20006013D7 /* 600x200_leaderboard.png */,
				113329AF1AB0D5A2008B46A2 /* singleButton@2x.png */,
				118584A51AB0998C002622F8 /* 200x200_button_next.png */,
				118584A61AB0998C002622F8 /* 200x200_button_replay.png */,
				118584A81AB0998C002622F8 /* 300x300_button_battle.png */,
				118584A91AB0998C002622F8 /* 300x300_button_connect.png */,
				11BF7FC01AB1E190002C7371 /* 200x200_hole.png */,
				118584AA1AB0998C002622F8 /* 700x200_you_lose.png */,
				118584AB1AB0998C002622F8 /* 700x200_you_win.png */,
				11B79C4F1A9D8F8E0035D4E1 /* wall-thick.png */,
				FF4C71011A8D322800FB3622 /* 80x80_blue_ball.png */,
				FF4C71031A8D322800FB3622 /* 80x80_orange_ball.png */,
				FF4C71041A8D322800FB3622 /* 80x80_red_ball.png */,
				FF4C71051A8D322800FB3622 /* 80x80_yellow_ball.png */,
				66C206F91A6EF6B700F4782C /* circle.png */,
			);
			name = images;
			path = Images;
			sourceTree = "<group>";
		};
		66F8667B1A6F0B72007EE9FF /* SKTUtils */ = {
			isa = PBXGroup;
			children = (
				66F8667C1A6F0B72007EE9FF /* CGFloat+Extensions.swift */,
				66F8667D1A6F0B72007EE9FF /* CGPoint+Extensions.swift */,
				66F8667E1A6F0B72007EE9FF /* CGVector+Extensions.swift */,
				66F8667F1A6F0B72007EE9FF /* Int+Extensions.swift */,
				66F866801A6F0B72007EE9FF /* SKAction+Extensions.swift */,
				66F866811A6F0B72007EE9FF /* SKAction+SpecialEffects.swift */,
				66F866821A6F0B72007EE9FF /* SKColor+Extensions.swift */,
				66F866831A6F0B72007EE9FF /* SKNode+Extensions.swift */,
				66F866841A6F0B72007EE9FF /* SKTAudio.swift */,
				66F866851A6F0B72007EE9FF /* SKTEffects.swift */,
				66F866861A6F0B72007EE9FF /* SKTTimingFunctions.swift */,
				66F866871A6F0B72007EE9FF /* Vector3.swift */,
			);
			path = SKTUtils;
			sourceTree = "<group>";
		};
		FF6C10331A6572FB00A5C7D7 = {
			isa = PBXGroup;
			children = (
				66D5BDF51A79BEC200A34A42 /* images */,
				66F8667B1A6F0B72007EE9FF /* SKTUtils */,
				FF6C10691A65807500A5C7D7 /* MultipeerConnectivity.framework */,
				FF6C103E1A6572FB00A5C7D7 /* OmniBall */,
				FF6C10541A6572FC00A5C7D7 /* OmniBallTests */,
				FF6C103D1A6572FB00A5C7D7 /* Products */,
			);
			sourceTree = "<group>";
		};
		FF6C103D1A6572FB00A5C7D7 /* Products */ = {
			isa = PBXGroup;
			children = (
				FF6C103C1A6572FB00A5C7D7 /* OmniBall.app */,
				FF6C10511A6572FC00A5C7D7 /* OmniBallTests.xctest */,
			);
			name = Products;
			sourceTree = "<group>";
		};
		FF6C103E1A6572FB00A5C7D7 /* OmniBall */ = {
			isa = PBXGroup;
			children = (
				112F126D1AC5D761008E65BF /* Sounds */,
				119AF3CF1AB1466700CD5C3C /* OmniBallUtil */,
				119AF3CE1AB1463700CD5C3C /* Controller */,
				115403151AAFC9ED000B2BA2 /* Scenes */,
				118BB02D1AAF8625005B1718 /* Maps */,
				11A57C621A9681A000C695E7 /* Entities */,
				3C8530E01A8BE20300FFD14C /* GameScene.sks */,
				FF6C10411A6572FB00A5C7D7 /* AppDelegate.swift */,
				66C206F71A6CA9BE00F4782C /* ConnectionManager.swift */,
				FF6C10481A6572FB00A5C7D7 /* Images.xcassets */,
				11ED25B01AD31436002803EC /* Main.storyboard */,
				FF6C104A1A6572FB00A5C7D7 /* LaunchScreen.xib */,
				FF6C103F1A6572FB00A5C7D7 /* Supporting Files */,
			);
			path = OmniBall;
			sourceTree = "<group>";
		};
		FF6C103F1A6572FB00A5C7D7 /* Supporting Files */ = {
			isa = PBXGroup;
			children = (
				FF6C10401A6572FB00A5C7D7 /* Info.plist */,
			);
			name = "Supporting Files";
			sourceTree = "<group>";
		};
		FF6C10541A6572FC00A5C7D7 /* OmniBallTests */ = {
			isa = PBXGroup;
			children = (
				FF6C10571A6572FC00A5C7D7 /* OmniBallTests.swift */,
				FF6C10551A6572FC00A5C7D7 /* Supporting Files */,
			);
			path = OmniBallTests;
			sourceTree = "<group>";
		};
		FF6C10551A6572FC00A5C7D7 /* Supporting Files */ = {
			isa = PBXGroup;
			children = (
				FF6C10561A6572FC00A5C7D7 /* Info.plist */,
			);
			name = "Supporting Files";
			sourceTree = "<group>";
		};
/* End PBXGroup section */

/* Begin PBXNativeTarget section */
		FF6C103B1A6572FB00A5C7D7 /* OmniBall */ = {
			isa = PBXNativeTarget;
			buildConfigurationList = FF6C105B1A6572FC00A5C7D7 /* Build configuration list for PBXNativeTarget "OmniBall" */;
			buildPhases = (
				FF6C10381A6572FB00A5C7D7 /* Sources */,
				FF6C10391A6572FB00A5C7D7 /* Frameworks */,
				FF6C103A1A6572FB00A5C7D7 /* Resources */,
			);
			buildRules = (
			);
			dependencies = (
			);
			name = OmniBall;
			productName = try;
			productReference = FF6C103C1A6572FB00A5C7D7 /* OmniBall.app */;
			productType = "com.apple.product-type.application";
		};
		FF6C10501A6572FC00A5C7D7 /* OmniBallTests */ = {
			isa = PBXNativeTarget;
			buildConfigurationList = FF6C105E1A6572FC00A5C7D7 /* Build configuration list for PBXNativeTarget "OmniBallTests" */;
			buildPhases = (
				FF6C104D1A6572FC00A5C7D7 /* Sources */,
				FF6C104E1A6572FC00A5C7D7 /* Frameworks */,
				FF6C104F1A6572FC00A5C7D7 /* Resources */,
			);
			buildRules = (
			);
			dependencies = (
				FF6C10531A6572FC00A5C7D7 /* PBXTargetDependency */,
			);
			name = OmniBallTests;
			productName = tryTests;
			productReference = FF6C10511A6572FC00A5C7D7 /* OmniBallTests.xctest */;
			productType = "com.apple.product-type.bundle.unit-test";
		};
/* End PBXNativeTarget section */

/* Begin PBXProject section */
		FF6C10341A6572FB00A5C7D7 /* Project object */ = {
			isa = PBXProject;
			attributes = {
				LastUpgradeCheck = 0610;
				ORGANIZATIONNAME = "Xiaoyu Chen";
				TargetAttributes = {
					FF6C103B1A6572FB00A5C7D7 = {
						CreatedOnToolsVersion = 6.1.1;
						DevelopmentTeam = EZLTDL7P7G;
					};
					FF6C10501A6572FC00A5C7D7 = {
						CreatedOnToolsVersion = 6.1.1;
						DevelopmentTeam = EZLTDL7P7G;
						TestTargetID = FF6C103B1A6572FB00A5C7D7;
					};
				};
			};
			buildConfigurationList = FF6C10371A6572FB00A5C7D7 /* Build configuration list for PBXProject "OmniBall" */;
			compatibilityVersion = "Xcode 3.2";
			developmentRegion = English;
			hasScannedForEncodings = 0;
			knownRegions = (
				en,
				Base,
			);
			mainGroup = FF6C10331A6572FB00A5C7D7;
			productRefGroup = FF6C103D1A6572FB00A5C7D7 /* Products */;
			projectDirPath = "";
			projectRoot = "";
			targets = (
				FF6C103B1A6572FB00A5C7D7 /* OmniBall */,
				FF6C10501A6572FC00A5C7D7 /* OmniBallTests */,
			);
		};
/* End PBXProject section */

/* Begin PBXResourcesBuildPhase section */
		FF6C103A1A6572FB00A5C7D7 /* Resources */ = {
			isa = PBXResourcesBuildPhase;
			buildActionMask = 2147483647;
			files = (
				FF0DCAA91AE6A16B003EC278 /* staro.png in Resources */,
				11DCA0381AE548E900BF5766 /* cross.png in Resources */,
				FF2086521ACC797800F09DB7 /* mini-map-2.png in Resources */,
				FF50A8C91AEF142A006AC0F1 /* Tutorial.png in Resources */,
				FF50553C1AEECB2400C1D73C /* arena3.sks in Resources */,
				FF4B6D6B1AE9409700BE12FE /* tutorialbtn.png in Resources */,
				113063C11ABB2B67006340AE /* ProtectionHalo.sks in Resources */,
				FF4B6D621AE9409700BE12FE /* arena.png in Resources */,
				11DCA03F1AE5860C00BF5766 /* lose_star.mp3 in Resources */,
				FF4B6D771AE9CECF00BE12FE /* HLevel2.sks in Resources */,
				11DCA0421AE730CC00BF5766 /* PoolArena.sks in Resources */,
				11DCA03D1AE5860C00BF5766 /* catch_star.mp3 in Resources */,
				FF3CE8F61AE573D70035CC75 /* Flynn.mp3 in Resources */,
				FFCF00041AB677BA006FAE44 /* 400x200_go.png in Resources */,
				FF32B2E11B5F854900B43751 /* arena.mp3 in Resources */,
				FF3CE8F21AE5519F0035CC75 /* connect.png in Resources */,
				FF50A8C51AEF142A006AC0F1 /* 1.png in Resources */,
				FF2086561ACC799800F09DB7 /* back-button.png in Resources */,
				FF3CE8F31AE5519F0035CC75 /* play.png in Resources */,
				FF0DCAA41AE6A16B003EC278 /* green_star.png in Resources */,
				FF2086541ACC797800F09DB7 /* mini-map-4.png in Resources */,
				118BB02C1AAF821B005B1718 /* LevelTraining.sks in Resources */,
				1161298D1AEFDEB500222B9F /* Pool.png in Resources */,
				FF50A8C81AEF142A006AC0F1 /* OmniballScreen.png in Resources */,
				FF4B6D651AE9409700BE12FE /* exitbtn.png in Resources */,
				FF2DC1C61AC88103008C6C02 /* 300x300_button_battle_0.png in Resources */,
				FF4B6D791AE9CECF00BE12FE /* HLevel4.sks in Resources */,
				FF4B6D7A1AE9CECF00BE12FE /* HLevel5.sks in Resources */,
				FF0DCA9F1AE6A16B003EC278 /* blue_circle.png in Resources */,
				FF0DCA9E1AE6A16B003EC278 /* blue_ball.png in Resources */,
				11ED25B21AD31436002803EC /* Main.storyboard in Resources */,
				FFCFFFFD1AAE16D9006FAE44 /* Level4.sks in Resources */,
				FF4B6D611AE9409700BE12FE /* arena_hard.png in Resources */,
				FF4B6D7B1AE9CECF00BE12FE /* HLevel6.sks in Resources */,
				FF5055391AEECAC400C1D73C /* locate.png in Resources */,
				FF32B2E31B5F854900B43751 /* lobby.wav in Resources */,
				FF4B6D691AE9409700BE12FE /* playbtn.png in Resources */,
				FF3CE8F41AE5519F0035CC75 /* playc.png in Resources */,
				11DCA0401AE5860C00BF5766 /* score_star.mp3 in Resources */,
				11A2E32D1B6C82D400147CC7 /* Omniball Success.wav in Resources */,
				FFCFFFF91AAE16A3006FAE44 /* Level2.sks in Resources */,
				FF4C710A1A8D322800FB3622 /* 80x80_red_ball.png in Resources */,
				FF0DCAA61AE6A16B003EC278 /* red_ball.png in Resources */,
				11DCA03E1AE5860C00BF5766 /* collision.mp3 in Resources */,
				113329B11AB0D5A2008B46A2 /* singleButton@2x.png in Resources */,
				FF0DCAA31AE6A16B003EC278 /* green_circle.png in Resources */,
				FF50A8CB1AEF147C006AC0F1 /* ChooseNumPlayer.png in Resources */,
				112F12711AC5DC13008E65BF /* Switch3.mp3 in Resources */,
				113329B01AB0D5A2008B46A2 /* multiButton@2x.png in Resources */,
				FF4B6D681AE9409700BE12FE /* mazebtn.png in Resources */,
				113063C21ABB2B67006340AE /* spark.png in Resources */,
				112F12731AC5DDF6008E65BF /* What.mp3 in Resources */,
				112F126F1AC5D8DB008E65BF /* BodyHit01.wav in Resources */,
				FF4C71091A8D322800FB3622 /* 80x80_orange_ball.png in Resources */,
				FF50A8C61AEF142A006AC0F1 /* 2.png in Resources */,
				FF4B6D631AE9409700BE12FE /* backbtn.png in Resources */,
				11D844A31AC9CD2E0078B62B /* Electric Hit 02.mp3 in Resources */,
				FF0DCAA01AE6A16B003EC278 /* exit.png in Resources */,
				FF0DCAA21AE6A16B003EC278 /* green_ball.png in Resources */,
				FF4B6D781AE9CECF00BE12FE /* HLevel3.sks in Resources */,
				118584AC1AB0998C002622F8 /* 200x200_button_next.png in Resources */,
				FFCF00061AB677BA006FAE44 /* blue_star_filled.png in Resources */,
				FF2086511ACC797800F09DB7 /* mini-map-1.png in Resources */,
				11174ECD1AB28B20006013D7 /* 600x200_leaderboard.png in Resources */,
				3C8530E11A8BE20300FFD14C /* GameScene.sks in Resources */,
				66C206FA1A6EF6B700F4782C /* circle.png in Resources */,
				FF0DCAAA1AE6A16B003EC278 /* wall-thin.png in Resources */,
				FF0DCAA71AE6A16B003EC278 /* red_circle.png in Resources */,
				11B79C501A9D8F8E0035D4E1 /* wall-thick.png in Resources */,
				FF4B6D671AE9409700BE12FE /* maze_hard.png in Resources */,
				FF20864E1ACC797800F09DB7 /* map.png in Resources */,
				FF4B6D601AE9409700BE12FE /* arena_easy.png in Resources */,
				FF0DCAA11AE6A16B003EC278 /* green_aster.png in Resources */,
				FF2086531ACC797800F09DB7 /* mini-map-3.png in Resources */,
				118584AD1AB0998C002622F8 /* 200x200_button_replay.png in Resources */,
				FFCFFFFB1AAE16B8006FAE44 /* Level3.sks in Resources */,
				FF50A8C71AEF142A006AC0F1 /* 3.png in Resources */,
				FF4C71071A8D322800FB3622 /* 80x80_blue_ball.png in Resources */,
				113329AB1AB0D0C9008B46A2 /* Tutorial.sks in Resources */,
				FF0DCAA81AE6A16B003EC278 /* red_star.png in Resources */,
				FF32B2E21B5F854900B43751 /* collide.wav in Resources */,
				11BF7FC11AB1E190002C7371 /* 200x200_hole.png in Resources */,
				FFCF00071AB677BA006FAE44 /* blue_star.png in Resources */,
				FF4B6D661AE9409700BE12FE /* maze_easy.png in Resources */,
				FF6C104C1A6572FB00A5C7D7 /* LaunchScreen.xib in Resources */,
				112F12751AC5E684008E65BF /* Yeah.mp3 in Resources */,
				11D844A11AC9C5360078B62B /* Electric Hit.mp3 in Resources */,
				FF4C710B1A8D322800FB3622 /* 80x80_yellow_ball.png in Resources */,
				FFCF00051AB677BA006FAE44 /* 400x200_ready.png in Resources */,
				FF4B6D641AE9409700BE12FE /* connectbtn.png in Resources */,
				FF2086501ACC797800F09DB7 /* mini-map-0.png in Resources */,
				FF0DCAA51AE6A16B003EC278 /* red_aster.png in Resources */,
				118584B11AB0998C002622F8 /* 700x200_you_lose.png in Resources */,
				118584B21AB0998C002622F8 /* 700x200_you_win.png in Resources */,
				118584AF1AB0998C002622F8 /* 300x300_button_battle.png in Resources */,
				FF32B2E41B5F854900B43751 /* maze.wav in Resources */,
				11D844A51ACC3C330078B62B /* 100x100_icon_rank.png in Resources */,
				FF20864F1ACC797800F09DB7 /* maze.png in Resources */,
				FFD7D8F21B4E05A600650B8B /* newMusic.mp3 in Resources */,
				118BB02E1AAF890F005B1718 /* Level1.sks in Resources */,
				116A211C1AB727870025F4C9 /* 80x80_star_slot.png in Resources */,
				FF4B6D761AE9CECF00BE12FE /* HLevel1.sks in Resources */,
				FF6C10491A6572FB00A5C7D7 /* Images.xcassets in Resources */,
				FF0DCA9D1AE6A16B003EC278 /* blue_aster.png in Resources */,
				1161298C1AEFDEB500222B9F /* Battle.png in Resources */,
				112F12791AC5EA44008E65BF /* wall-mid.png in Resources */,
				118584B01AB0998C002622F8 /* 300x300_button_connect.png in Resources */,
				FF50553A1AEECAC400C1D73C /* Omniball.png in Resources */,
				FF4B6D6A1AE9409700BE12FE /* playericon.png in Resources */,
				FF32B2E01B5F854900B43751 /* activate.wav in Resources */,
			);
			runOnlyForDeploymentPostprocessing = 0;
		};
		FF6C104F1A6572FC00A5C7D7 /* Resources */ = {
			isa = PBXResourcesBuildPhase;
			buildActionMask = 2147483647;
			files = (
			);
			runOnlyForDeploymentPostprocessing = 0;
		};
/* End PBXResourcesBuildPhase section */

/* Begin PBXSourcesBuildPhase section */
		FF6C10381A6572FB00A5C7D7 /* Sources */ = {
			isa = PBXSourcesBuildPhase;
			buildActionMask = 2147483647;
			files = (
				66F8668E1A6F0B72007EE9FF /* SKColor+Extensions.swift in Sources */,
				FF2086441AC9C65B00F09DB7 /* MinimapController.swift in Sources */,
				11F828A61AB527E800E25D3F /* InstructionScene.swift in Sources */,
				66F866921A6F0B72007EE9FF /* SKTTimingFunctions.swift in Sources */,
				11174ECF1AB299FB006013D7 /* LevelXScene.swift in Sources */,
				66F8668C1A6F0B72007EE9FF /* SKAction+Extensions.swift in Sources */,
				66D5BDF71A79BF2000A34A42 /* Message.swift in Sources */,
				11A57C681A96824500C695E7 /* OpponentNodes.swift in Sources */,
				FF6C10871A670BED00A5C7D7 /* GameViewController.swift in Sources */,
				11F828AA1AB5E2B400E25D3F /* GameLevelScene.swift in Sources */,
				66F8668A1A6F0B72007EE9FF /* CGVector+Extensions.swift in Sources */,
				FF5301201A7D43A300F04937 /* GameScene.swift in Sources */,
				66F866901A6F0B72007EE9FF /* SKTAudio.swift in Sources */,
				1124FB611AB216470060A1B2 /* TutorialOverScene.swift in Sources */,
				119C5AE31A9D1C0D002012AC /* WaitingForGameStartScene.swift in Sources */,
				11A57C641A9681C800C695E7 /* Player.swift in Sources */,
				66F866881A6F0B72007EE9FF /* CGFloat+Extensions.swift in Sources */,
				66F8668F1A6F0B72007EE9FF /* SKNode+Extensions.swift in Sources */,
				66F866911A6F0B72007EE9FF /* SKTEffects.swift in Sources */,
				FFE557221AEAE4B200F2045A /* DifficultyController.swift in Sources */,
				113329A31AB0C027008B46A2 /* LeaderBoardScene.swift in Sources */,
				119DB08F1A9F7E390044F397 /* OmniBallUtil.swift in Sources */,
				11A57C6A1A96871800C695E7 /* OpponentsWrapper.swift in Sources */,
				66C206F81A6CA9BE00F4782C /* ConnectionManager.swift in Sources */,
				66F8668B1A6F0B72007EE9FF /* Int+Extensions.swift in Sources */,
				66F866891A6F0B72007EE9FF /* CGPoint+Extensions.swift in Sources */,
				113329A71AB0CDA2008B46A2 /* ViewController.swift in Sources */,
				11A57C661A96820F00C695E7 /* MyNodes.swift in Sources */,
				FF4B6D6D1AE9C84300BE12FE /* ArenaDifficultyController.swift in Sources */,
				112D92111AB4887200FCF399 /* LevelViewController.swift in Sources */,
				11DCA0441AE7315800BF5766 /* GamePoolScene.swift in Sources */,
				66F8668D1A6F0B72007EE9FF /* SKAction+SpecialEffects.swift in Sources */,
				113329AD1AB0D109008B46A2 /* TutorialScene.swift in Sources */,
				66F866931A6F0B72007EE9FF /* Vector3.swift in Sources */,
				FFA0D60C1A8D4495000D1C37 /* GameOverScene.swift in Sources */,
				119F18711AB7B751002A7EAA /* GameBattleScene.swift in Sources */,
				FF6C10421A6572FB00A5C7D7 /* AppDelegate.swift in Sources */,
				FF4B6D6F1AE9CD1C00BE12FE /* MazeDifficultyController.swift in Sources */,
			);
			runOnlyForDeploymentPostprocessing = 0;
		};
		FF6C104D1A6572FC00A5C7D7 /* Sources */ = {
			isa = PBXSourcesBuildPhase;
			buildActionMask = 2147483647;
			files = (
				FF6C10581A6572FC00A5C7D7 /* OmniBallTests.swift in Sources */,
			);
			runOnlyForDeploymentPostprocessing = 0;
		};
/* End PBXSourcesBuildPhase section */

/* Begin PBXTargetDependency section */
		FF6C10531A6572FC00A5C7D7 /* PBXTargetDependency */ = {
			isa = PBXTargetDependency;
			target = FF6C103B1A6572FB00A5C7D7 /* OmniBall */;
			targetProxy = FF6C10521A6572FC00A5C7D7 /* PBXContainerItemProxy */;
		};
/* End PBXTargetDependency section */

/* Begin PBXVariantGroup section */
		11ED25B01AD31436002803EC /* Main.storyboard */ = {
			isa = PBXVariantGroup;
			children = (
				11ED25B11AD31436002803EC /* Base */,
			);
			name = Main.storyboard;
			sourceTree = "<group>";
		};
		FF6C104A1A6572FB00A5C7D7 /* LaunchScreen.xib */ = {
			isa = PBXVariantGroup;
			children = (
				FF6C104B1A6572FB00A5C7D7 /* Base */,
			);
			name = LaunchScreen.xib;
			sourceTree = "<group>";
		};
/* End PBXVariantGroup section */

/* Begin XCBuildConfiguration section */
		FF6C10591A6572FC00A5C7D7 /* Debug */ = {
			isa = XCBuildConfiguration;
			buildSettings = {
				ALWAYS_SEARCH_USER_PATHS = NO;
				CLANG_CXX_LANGUAGE_STANDARD = "gnu++0x";
				CLANG_CXX_LIBRARY = "libc++";
				CLANG_ENABLE_MODULES = YES;
				CLANG_ENABLE_OBJC_ARC = YES;
				CLANG_WARN_BOOL_CONVERSION = YES;
				CLANG_WARN_CONSTANT_CONVERSION = YES;
				CLANG_WARN_DIRECT_OBJC_ISA_USAGE = YES_ERROR;
				CLANG_WARN_EMPTY_BODY = YES;
				CLANG_WARN_ENUM_CONVERSION = YES;
				CLANG_WARN_INT_CONVERSION = YES;
				CLANG_WARN_OBJC_ROOT_CLASS = YES_ERROR;
				CLANG_WARN_UNREACHABLE_CODE = YES;
				CLANG_WARN__DUPLICATE_METHOD_MATCH = YES;
				"CODE_SIGN_IDENTITY[sdk=iphoneos*]" = "iPhone Developer";
				COPY_PHASE_STRIP = NO;
				ENABLE_STRICT_OBJC_MSGSEND = YES;
				GCC_C_LANGUAGE_STANDARD = gnu99;
				GCC_DYNAMIC_NO_PIC = NO;
				GCC_OPTIMIZATION_LEVEL = 0;
				GCC_PREPROCESSOR_DEFINITIONS = (
					"DEBUG=1",
					"$(inherited)",
				);
				GCC_SYMBOLS_PRIVATE_EXTERN = NO;
				GCC_WARN_64_TO_32_BIT_CONVERSION = YES;
				GCC_WARN_ABOUT_RETURN_TYPE = YES_ERROR;
				GCC_WARN_UNDECLARED_SELECTOR = YES;
				GCC_WARN_UNINITIALIZED_AUTOS = YES_AGGRESSIVE;
				GCC_WARN_UNUSED_FUNCTION = YES;
				GCC_WARN_UNUSED_VARIABLE = YES;
				IPHONEOS_DEPLOYMENT_TARGET = 8.1;
				MTL_ENABLE_DEBUG_INFO = YES;
				ONLY_ACTIVE_ARCH = YES;
				SDKROOT = iphoneos;
				SWIFT_OPTIMIZATION_LEVEL = "-Onone";
				TARGETED_DEVICE_FAMILY = "1,2";
			};
			name = Debug;
		};
		FF6C105A1A6572FC00A5C7D7 /* Release */ = {
			isa = XCBuildConfiguration;
			buildSettings = {
				ALWAYS_SEARCH_USER_PATHS = NO;
				CLANG_CXX_LANGUAGE_STANDARD = "gnu++0x";
				CLANG_CXX_LIBRARY = "libc++";
				CLANG_ENABLE_MODULES = YES;
				CLANG_ENABLE_OBJC_ARC = YES;
				CLANG_WARN_BOOL_CONVERSION = YES;
				CLANG_WARN_CONSTANT_CONVERSION = YES;
				CLANG_WARN_DIRECT_OBJC_ISA_USAGE = YES_ERROR;
				CLANG_WARN_EMPTY_BODY = YES;
				CLANG_WARN_ENUM_CONVERSION = YES;
				CLANG_WARN_INT_CONVERSION = YES;
				CLANG_WARN_OBJC_ROOT_CLASS = YES_ERROR;
				CLANG_WARN_UNREACHABLE_CODE = YES;
				CLANG_WARN__DUPLICATE_METHOD_MATCH = YES;
				"CODE_SIGN_IDENTITY[sdk=iphoneos*]" = "iPhone Developer";
				COPY_PHASE_STRIP = YES;
				ENABLE_NS_ASSERTIONS = NO;
				ENABLE_STRICT_OBJC_MSGSEND = YES;
				GCC_C_LANGUAGE_STANDARD = gnu99;
				GCC_WARN_64_TO_32_BIT_CONVERSION = YES;
				GCC_WARN_ABOUT_RETURN_TYPE = YES_ERROR;
				GCC_WARN_UNDECLARED_SELECTOR = YES;
				GCC_WARN_UNINITIALIZED_AUTOS = YES_AGGRESSIVE;
				GCC_WARN_UNUSED_FUNCTION = YES;
				GCC_WARN_UNUSED_VARIABLE = YES;
				IPHONEOS_DEPLOYMENT_TARGET = 8.1;
				MTL_ENABLE_DEBUG_INFO = NO;
				SDKROOT = iphoneos;
				TARGETED_DEVICE_FAMILY = "1,2";
				VALIDATE_PRODUCT = YES;
			};
			name = Release;
		};
		FF6C105C1A6572FC00A5C7D7 /* Debug */ = {
			isa = XCBuildConfiguration;
			buildSettings = {
				ASSETCATALOG_COMPILER_APPICON_NAME = AppIcon;
				CODE_SIGN_IDENTITY = "iPhone Developer";
				"CODE_SIGN_IDENTITY[sdk=iphoneos*]" = "iPhone Developer";
				INFOPLIST_FILE = OmniBall/Info.plist;
				IPHONEOS_DEPLOYMENT_TARGET = 8.2;
				LD_RUNPATH_SEARCH_PATHS = "$(inherited) @executable_path/Frameworks";
				PRODUCT_NAME = OmniBall;
				PROVISIONING_PROFILE = "";
			};
			name = Debug;
		};
		FF6C105D1A6572FC00A5C7D7 /* Release */ = {
			isa = XCBuildConfiguration;
			buildSettings = {
				ASSETCATALOG_COMPILER_APPICON_NAME = AppIcon;
				CODE_SIGN_IDENTITY = "iPhone Developer";
				"CODE_SIGN_IDENTITY[sdk=iphoneos*]" = "iPhone Developer";
				INFOPLIST_FILE = OmniBall/Info.plist;
				IPHONEOS_DEPLOYMENT_TARGET = 8.2;
				LD_RUNPATH_SEARCH_PATHS = "$(inherited) @executable_path/Frameworks";
				PRODUCT_NAME = OmniBall;
				PROVISIONING_PROFILE = "";
			};
			name = Release;
		};
		FF6C105F1A6572FC00A5C7D7 /* Debug */ = {
			isa = XCBuildConfiguration;
			buildSettings = {
				BUNDLE_LOADER = "$(TEST_HOST)";
				FRAMEWORK_SEARCH_PATHS = (
					"$(SDKROOT)/Developer/Library/Frameworks",
					"$(inherited)",
				);
				GCC_PREPROCESSOR_DEFINITIONS = (
					"DEBUG=1",
					"$(inherited)",
				);
				INFOPLIST_FILE = tryTests/Info.plist;
				LD_RUNPATH_SEARCH_PATHS = "$(inherited) @executable_path/Frameworks @loader_path/Frameworks";
				PRODUCT_NAME = OmniBallTests;
				TEST_HOST = "$(BUILT_PRODUCTS_DIR)/try.app/try";
			};
			name = Debug;
		};
		FF6C10601A6572FC00A5C7D7 /* Release */ = {
			isa = XCBuildConfiguration;
			buildSettings = {
				BUNDLE_LOADER = "$(TEST_HOST)";
				FRAMEWORK_SEARCH_PATHS = (
					"$(SDKROOT)/Developer/Library/Frameworks",
					"$(inherited)",
				);
				INFOPLIST_FILE = tryTests/Info.plist;
				LD_RUNPATH_SEARCH_PATHS = "$(inherited) @executable_path/Frameworks @loader_path/Frameworks";
				PRODUCT_NAME = OmniBallTests;
				TEST_HOST = "$(BUILT_PRODUCTS_DIR)/try.app/try";
			};
			name = Release;
		};
/* End XCBuildConfiguration section */

/* Begin XCConfigurationList section */
		FF6C10371A6572FB00A5C7D7 /* Build configuration list for PBXProject "OmniBall" */ = {
			isa = XCConfigurationList;
			buildConfigurations = (
				FF6C10591A6572FC00A5C7D7 /* Debug */,
				FF6C105A1A6572FC00A5C7D7 /* Release */,
			);
			defaultConfigurationIsVisible = 0;
			defaultConfigurationName = Release;
		};
		FF6C105B1A6572FC00A5C7D7 /* Build configuration list for PBXNativeTarget "OmniBall" */ = {
			isa = XCConfigurationList;
			buildConfigurations = (
				FF6C105C1A6572FC00A5C7D7 /* Debug */,
				FF6C105D1A6572FC00A5C7D7 /* Release */,
			);
			defaultConfigurationIsVisible = 0;
			defaultConfigurationName = Release;
		};
		FF6C105E1A6572FC00A5C7D7 /* Build configuration list for PBXNativeTarget "OmniBallTests" */ = {
			isa = XCConfigurationList;
			buildConfigurations = (
				FF6C105F1A6572FC00A5C7D7 /* Debug */,
				FF6C10601A6572FC00A5C7D7 /* Release */,
			);
			defaultConfigurationIsVisible = 0;
			defaultConfigurationName = Release;
		};
/* End XCConfigurationList section */
	};
	rootObject = FF6C10341A6572FB00A5C7D7 /* Project object */;
}
